<?xml version="1.0" encoding="utf-8"?>
<Project ToolsVersion="4.0" xmlns="http://schemas.microsoft.com/developer/msbuild/2003">
  <ItemGroup>
    <Filter Include="Source Files">
      <UniqueIdentifier>{4FC737F1-C7A5-4376-A066-2A32D752A2FF}</UniqueIdentifier>
      <Extensions>qml;cpp;c;cc;cxx;def;odl;idl;hpj;bat;asm;asmx</Extensions>
    </Filter>
    <Filter Include="Header Files">
      <UniqueIdentifier>{93995380-89BD-4b04-88EB-625FBE52EBFB}</UniqueIdentifier>
      <Extensions>h;hh;hpp;hxx;hm;inl;inc;xsd</Extensions>
    </Filter>
    <Filter Include="Resource Files">
      <UniqueIdentifier>{67DA6AB6-F800-4c08-8B7A-83BB121AAD01}</UniqueIdentifier>
      <Extensions>qrc;rc;ico;cur;bmp;dlg;rc2;rct;bin;rgs;gif;jpg;jpeg;jpe;resx;tiff;tif;png;wav;mfcribbon-ms</Extensions>
    </Filter>
    <Filter Include="Form Files">
      <UniqueIdentifier>{99349809-55BA-4b9d-BF79-8FDBB0286EB3}</UniqueIdentifier>
      <Extensions>ui</Extensions>
    </Filter>
    <Filter Include="Translation Files">
      <UniqueIdentifier>{639EADAA-A684-42e4-A9AD-28FC9BCB8F7C}</UniqueIdentifier>
      <Extensions>ts</Extensions>
    </Filter>
    <Filter Include="CommonLibs">
      <UniqueIdentifier>{d7f90754-16e1-4da4-8f30-aefca6811e25}</UniqueIdentifier>
    </Filter>
    <Filter Include="ExternalLibs">
      <UniqueIdentifier>{b8dca86f-ebea-4ab5-9ff4-de3d7065bbe5}</UniqueIdentifier>
    </Filter>
    <Filter Include="UniqueLibs">
      <UniqueIdentifier>{e786301a-c1c7-4dac-aeed-d77fa9b79e2b}</UniqueIdentifier>
    </Filter>
    <Filter Include="Modules">
      <UniqueIdentifier>{94ff0aa3-3dc6-4d68-b73c-77ab567f8217}</UniqueIdentifier>
    </Filter>
    <Filter Include="CommonLibs\Qt">
      <UniqueIdentifier>{445bd6a7-41d0-4242-a165-528a7005d442}</UniqueIdentifier>
    </Filter>
  </ItemGroup>
  <ItemGroup>
    <QtRcc Include="HyperCommander.qrc">
      <Filter>Resource Files</Filter>
    </QtRcc>
    <ClCompile Include="HyperCommander.cpp">
      <Filter>Source Files</Filter>
    </ClCompile>
    <None Include="HyperCommander.ico">
      <Filter>Resource Files</Filter>
    </None>
    <ResourceCompile Include="HyperCommander.rc">
      <Filter>Resource Files</Filter>
    </ResourceCompile>
    <ClInclude Include="stdafx.h">
      <Filter>Header Files</Filter>
    </ClInclude>
    <ClCompile Include="stdafx.cpp">
      <Filter>Source Files</Filter>
    </ClCompile>
  </ItemGroup>
  <ItemGroup>
    <ClCompile Include="main.cpp">
      <Filter>Source Files</Filter>
    </ClCompile>
    <ClCompile Include="UIs\cmpPanel.cpp">
      <Filter>Form Files</Filter>
    </ClCompile>
    <ClCompile Include="..\uniqueLibs\SHChangeNotify.cpp">
      <Filter>UniqueLibs</Filter>
    </ClCompile>
    <ClCompile Include="UIs\dlgMain.cpp">
      <Filter>Form Files</Filter>
    </ClCompile>
    <ClCompile Include="..\uniqueLibs\model_defs.cpp">
      <Filter>Source Files</Filter>
    </ClCompile>
    <ClCompile Include="..\uniqueLibs\columnMgr.cpp">
      <Filter>UniqueLibs</Filter>
    </ClCompile>
    <ClCompile Include="..\UniqueLibs\builtInFsModel.cpp">
      <Filter>UniqueLibs</Filter>
    </ClCompile>
    <ClCompile Include="..\commonLibs\cmnDateTime.cpp">
      <Filter>CommonLibs</Filter>
    </ClCompile>
    <ClCompile Include="..\commonLibs\cmnConcurrent.cpp">
      <Filter>CommonLibs</Filter>
    </ClCompile>
    <ClCompile Include="..\commonLibs\cmnPath.cpp">
      <Filter>CommonLibs</Filter>
    </ClCompile>
    <ClCompile Include="..\UniqueLibs\shortcutMgr.cpp">
      <Filter>UniqueLibs</Filter>
    </ClCompile>
    <ClCompile Include="..\UniqueLibs\commandMgr.cpp">
      <Filter>UniqueLibs</Filter>
    </ClCompile>
    <ClCompile Include="..\commonLibs\Qt\cmnQtUtils.cpp">
      <Filter>CommonLibs\Qt</Filter>
    </ClCompile>
    <ClCompile Include="UIs\dlgOpts.cpp">
      <Filter>Form Files</Filter>
    </ClCompile>
    <ClCompile Include="..\UniqueLibs\cmnHCUtils.cpp">
      <Filter>UniqueLibs</Filter>
    </ClCompile>
    <ClCompile Include="..\UniqueLibs\pixmapCacheEx.cpp">
      <Filter>UniqueLibs</Filter>
    </ClCompile>
    <ClCompile Include="UIs\dlgCopyToAnother.cpp">
      <Filter>Form Files</Filter>
    </ClCompile>
    <ClCompile Include="UIs\dlgMultiRename.cpp">
      <Filter>Form Files</Filter>
    </ClCompile>
    <ClCompile Include="UIs\dlgMultiRename_Model.cpp">
      <Filter>Form Files</Filter>
    </ClCompile>
    <ClCompile Include="..\UniqueLibs\backgroundJobMgr.cpp">
      <Filter>UniqueLibs</Filter>
    </ClCompile>
    <ClCompile Include="..\UniqueLibs\cmnTypeDefs_Opts.cpp">
      <Filter>Source Files</Filter>
    </ClCompile>
  </ItemGroup>
  <ItemGroup>
    <QtUic Include="UIs\dlgMain.ui">
      <Filter>Form Files</Filter>
    </QtUic>
    <QtUic Include="UIs\cmpPanel.ui">
      <Filter>Form Files</Filter>
    </QtUic>
    <QtUic Include="UIs\dlgOpts.ui">
      <Filter>Form Files</Filter>
    </QtUic>
    <QtUic Include="UIs\dlgCopyToAnother.ui">
      <Filter>Form Files</Filter>
    </QtUic>
    <QtUic Include="UIs\dlgMultiRename.ui">
      <Filter>Form Files</Filter>
    </QtUic>
    <QtUic Include="UIs\dlgDelete.ui">
      <Filter>Form Files</Filter>
    </QtUic>
  </ItemGroup>
  <ItemGroup>
    <QtMoc Include="UIs\cmpPanel.hpp">
      <Filter>Form Files</Filter>
    </QtMoc>
    <QtMoc Include="..\uniqueLibs\SHChangeNotify.hpp">
      <Filter>UniqueLibs</Filter>
    </QtMoc>
    <QtMoc Include="UIs\dlgMain.hpp">
      <Filter>Form Files</Filter>
    </QtMoc>
    <QtMoc Include="..\UniqueLibs\builtInFsModel.hpp">
      <Filter>UniqueLibs</Filter>
    </QtMoc>
    <QtMoc Include="..\UniqueLibs\shortcutMgr.hpp">
      <Filter>UniqueLibs</Filter>
    </QtMoc>
    <QtMoc Include="..\UniqueLibs\commandMgr.hpp">
      <Filter>UniqueLibs</Filter>
    </QtMoc>
    <QtMoc Include="UIs\dlgOpts.hpp">
      <Filter>Form Files</Filter>
    </QtMoc>
    <QtMoc Include="..\commonLibs\Qt\cmnQtDelegator.hpp">
      <Filter>CommonLibs\Qt</Filter>
    </QtMoc>
    <QtMoc Include="UIs\dlgMultiRename.hpp">
      <Filter>Form Files</Filter>
    </QtMoc>
    <QtMoc Include="HyperCommander.hpp">
      <Filter>Header Files</Filter>
    </QtMoc>
    <QtMoc Include="UIs\dlgMultiRename_Model.hpp">
      <Filter>Form Files</Filter>
    </QtMoc>
  </ItemGroup>
  <ItemGroup>
    <ClInclude Include="..\uniqueLibs\globalCtx.hpp">
      <Filter>UniqueLibs</Filter>
    </ClInclude>
    <ClInclude Include="..\uniqueLibs\columnMgr.hpp">
      <Filter>UniqueLibs</Filter>
    </ClInclude>
    <ClInclude Include="..\commonLibs\cmnDateTime.hpp">
      <Filter>CommonLibs</Filter>
    </ClInclude>
    <ClInclude Include="..\commonLibs\cmnConcurrent.hpp">
      <Filter>CommonLibs</Filter>
    </ClInclude>
    <ClInclude Include="..\commonLibs\cmnPath.hpp">
      <Filter>CommonLibs</Filter>
    </ClInclude>
    <ClInclude Include="..\uniqueLibs\model_defs.hpp">
      <Filter>UniqueLibs</Filter>
    </ClInclude>
    <ClInclude Include="..\commonLibs\cmnCompilerDetection.hpp">
      <Filter>CommonLibs</Filter>
    </ClInclude>
    <ClInclude Include="..\commonLibs\cmnSystemDetection.hpp">
      <Filter>CommonLibs</Filter>
    </ClInclude>
    <ClInclude Include="..\UniqueLibs\commandMgr_Defs.hpp">
      <Filter>UniqueLibs</Filter>
    </ClInclude>
    <ClInclude Include="..\commonLibs\Qt\cmnQtUtils.hpp">
      <Filter>CommonLibs\Qt</Filter>
    </ClInclude>
    <ClInclude Include="..\UniqueLibs\cmnTypeDefs.hpp">
      <Filter>UniqueLibs</Filter>
    </ClInclude>
    <ClInclude Include="..\UniqueLibs\cmnHCUtils.hpp">
      <Filter>UniqueLibs</Filter>
    </ClInclude>
    <ClInclude Include="..\UniqueLibs\pixmapCacheEx.hpp">
      <Filter>UniqueLibs</Filter>
    </ClInclude>
    <ClInclude Include="..\commonLibs\cmnBase.hpp">
      <Filter>CommonLibs</Filter>
    </ClInclude>
    <ClInclude Include="..\commonLibs\cmnIncludeLibrary.hpp">
      <Filter>CommonLibs</Filter>
    </ClInclude>
    <ClInclude Include="UIs\dlgCopyToAnother.hpp">
      <Filter>Form Files</Filter>
    </ClInclude>
    <ClInclude Include="..\UniqueLibs\cmnTypeDefs_Name.hpp">
      <Filter>UniqueLibs</Filter>
    </ClInclude>
    <ClInclude Include="..\UniqueLibs\cmnTypeDefs_Opts.hpp">
      <Filter>UniqueLibs</Filter>
    </ClInclude>
    <ClInclude Include="..\UniqueLibs\backgroundJobMgr.hpp">
      <Filter>UniqueLibs</Filter>
    </ClInclude>
  </ItemGroup>
  <ItemGroup>
    <None Include="cpp.hint" />
  </ItemGroup>
</Project>