<?xml version="1.0" encoding="utf-8"?>
<Project ToolsVersion="4.0" xmlns="http://schemas.microsoft.com/developer/msbuild/2003">
  <ItemGroup>
    <Filter Include="Translation Files">
      <UniqueIdentifier>{639EADAA-A684-42e4-A9AD-28FC9BCB8F7C}</UniqueIdentifier>
      <Extensions>ts</Extensions>
    </Filter>
    <Filter Include="UI Files">
      <UniqueIdentifier>{99349809-55BA-4b9d-BF79-8FDBB0286EB3}</UniqueIdentifier>
      <Extensions>ui</Extensions>
    </Filter>
    <Filter Include="UI Files\Cate - 외부 편집기">
      <UniqueIdentifier>{d606bd91-5d1a-458f-821f-094d8f9dd131}</UniqueIdentifier>
    </Filter>
    <Filter Include="UI Files\Cate - 이름 일괄변경">
      <UniqueIdentifier>{8f37a3dd-0575-406c-95a0-aac260b696ef}</UniqueIdentifier>
    </Filter>
    <Filter Include="UI Files\Cate - 내장 뷰어">
      <UniqueIdentifier>{129b7a7c-82e0-43af-bb39-9b725a4b85f7}</UniqueIdentifier>
    </Filter>
    <Filter Include="UI Files\Cate - 환경설정">
      <UniqueIdentifier>{37718303-1293-458d-9f6d-107ecf5dd1a5}</UniqueIdentifier>
    </Filter>
    <Filter Include="UI Files\Cate - 파일 동작">
      <UniqueIdentifier>{adace7ac-8027-4d2d-b276-75482af8f0f5}</UniqueIdentifier>
    </Filter>
    <Filter Include="모듈">
      <UniqueIdentifier>{94ff0aa3-3dc6-4d68-b73c-77ab567f8217}</UniqueIdentifier>
    </Filter>
    <Filter Include="리소스 파일">
      <UniqueIdentifier>{67DA6AB6-F800-4c08-8B7A-83BB121AAD01}</UniqueIdentifier>
      <Extensions>qrc;rc;ico;cur;bmp;dlg;rc2;rct;bin;rgs;gif;jpg;jpeg;jpe;resx;tiff;tif;png;wav;mfcribbon-ms</Extensions>
    </Filter>
    <Filter Include="헤더 파일">
      <UniqueIdentifier>{93995380-89BD-4b04-88EB-625FBE52EBFB}</UniqueIdentifier>
      <Extensions>h;hh;hpp;hxx;hm;inl;inc;xsd</Extensions>
    </Filter>
    <Filter Include="소스 파일">
      <UniqueIdentifier>{4FC737F1-C7A5-4376-A066-2A32D752A2FF}</UniqueIdentifier>
      <Extensions>qml;cpp;c;cc;cxx;def;odl;idl;hpj;bat;asm;asmx</Extensions>
    </Filter>
    <Filter Include="라이브러리">
      <UniqueIdentifier>{5d7bf7c8-4d4f-483e-a472-29643208e7af}</UniqueIdentifier>
    </Filter>
    <Filter Include="라이브러리\고유 라이브러리">
      <UniqueIdentifier>{e786301a-c1c7-4dac-aeed-d77fa9b79e2b}</UniqueIdentifier>
    </Filter>
    <Filter Include="라이브러리\공통 라이브러리">
      <UniqueIdentifier>{d7f90754-16e1-4da4-8f30-aefca6811e25}</UniqueIdentifier>
    </Filter>
    <Filter Include="라이브러리\공통 라이브러리\Qt">
      <UniqueIdentifier>{445bd6a7-41d0-4242-a165-528a7005d442}</UniqueIdentifier>
    </Filter>
    <Filter Include="라이브러리\외부 라이브러리">
      <UniqueIdentifier>{b8dca86f-ebea-4ab5-9ff4-de3d7065bbe5}</UniqueIdentifier>
    </Filter>
    <Filter Include="라이브러리\외부 라이브러리\QtitanDataGrid">
      <UniqueIdentifier>{e6ebd350-1783-4d78-9685-db89d6aa1774}</UniqueIdentifier>
    </Filter>
    <Filter Include="라이브러리\외부 라이브러리\QtitanDataGrid\Base">
      <UniqueIdentifier>{8c0a5b37-370d-4be8-92d9-40bacc9353bb}</UniqueIdentifier>
    </Filter>
    <Filter Include="라이브러리\외부 라이브러리\QtitanDataGrid\Grid">
      <UniqueIdentifier>{614ea088-60c2-4d21-bfa9-324b18fc3d27}</UniqueIdentifier>
    </Filter>
    <Filter Include="라이브러리\외부 라이브러리\TotalCommander">
      <UniqueIdentifier>{54ad314e-592e-4119-aef1-afcab5afc6b0}</UniqueIdentifier>
    </Filter>
    <Filter Include="라이브러리\외부 라이브러리\QDirectoryEdit">
      <UniqueIdentifier>{5b731975-1013-42b9-84d3-613e0f323863}</UniqueIdentifier>
    </Filter>
    <Filter Include="라이브러리\공통 라이브러리\Win">
      <UniqueIdentifier>{d2fd5609-491f-4639-872d-38bf9ae85224}</UniqueIdentifier>
    </Filter>
    <Filter Include="라이브러리\공통 라이브러리\Win32API">
      <UniqueIdentifier>{992e91bb-a4bf-49c9-9093-805330189e84}</UniqueIdentifier>
    </Filter>
    <Filter Include="라이브러리\공통 라이브러리\Concurrent">
      <UniqueIdentifier>{528968a1-677a-456d-a456-c3484560af93}</UniqueIdentifier>
    </Filter>
    <Filter Include="라이브러리\공통 라이브러리\Logging">
      <UniqueIdentifier>{03916785-185f-40fd-a6ea-9a6c566172a1}</UniqueIdentifier>
    </Filter>
    <Filter Include="라이브러리\고유 라이브러리%28UI%29">
      <UniqueIdentifier>{8e0fd86e-5a45-4bb5-abbc-0cdb2f4d8d31}</UniqueIdentifier>
    </Filter>
    <Filter Include="UI Files\Components">
      <UniqueIdentifier>{caa9c6b8-d2f5-4c6e-b387-6e6957934459}</UniqueIdentifier>
    </Filter>
  </ItemGroup>
  <ItemGroup>
    <QtRcc Include="HyperCommander.qrc">
      <Filter>리소스 파일</Filter>
    </QtRcc>
    <ClCompile Include="HyperCommander.cpp">
      <Filter>소스 파일</Filter>
    </ClCompile>
    <ResourceCompile Include="HyperCommander.rc">
      <Filter>리소스 파일</Filter>
    </ResourceCompile>
    <ClInclude Include="stdafx.h">
      <Filter>헤더 파일</Filter>
    </ClInclude>
    <ClCompile Include="stdafx.cpp">
      <Filter>소스 파일</Filter>
    </ClCompile>
    <QtRcc Include="..\externalLibs\QtitanDataGrid\src\src\base\QtnBaseResources.qrc">
      <Filter>라이브러리\외부 라이브러리\QtitanDataGrid\Base</Filter>
    </QtRcc>
    <QtRcc Include="..\externalLibs\QtitanDataGrid\src\src\grid\QtnGridResources.qrc">
      <Filter>라이브러리\외부 라이브러리\QtitanDataGrid\Grid</Filter>
    </QtRcc>
    <QtRcc Include="..\externalLibs\QtitanDataGrid\src\src\grid\QtnGridTranslations.qrc">
      <Filter>라이브러리\외부 라이브러리\QtitanDataGrid\Grid</Filter>
    </QtRcc>
  </ItemGroup>
  <ItemGroup>
    <ClCompile Include="main.cpp">
      <Filter>소스 파일</Filter>
    </ClCompile>
    <ClCompile Include="UIs\cmpPanel.cpp">
      <Filter>UI Files</Filter>
    </ClCompile>
    <ClCompile Include="..\uniqueLibs\SHChangeNotify.cpp">
      <Filter>라이브러리\고유 라이브러리</Filter>
    </ClCompile>
    <ClCompile Include="UIs\dlgMain.cpp">
      <Filter>UI Files</Filter>
    </ClCompile>
    <ClCompile Include="..\uniqueLibs\columnMgr.cpp">
      <Filter>라이브러리\고유 라이브러리</Filter>
    </ClCompile>
    <ClCompile Include="..\UniqueLibs\builtInFsModel.cpp">
      <Filter>라이브러리\고유 라이브러리</Filter>
    </ClCompile>
    <ClCompile Include="..\commonLibs\cmnDateTime.cpp">
      <Filter>라이브러리\공통 라이브러리</Filter>
    </ClCompile>
    <ClCompile Include="..\commonLibs\cmnConcurrent.cpp">
      <Filter>라이브러리\공통 라이브러리</Filter>
    </ClCompile>
    <ClCompile Include="..\commonLibs\cmnPath.cpp">
      <Filter>라이브러리\공통 라이브러리</Filter>
    </ClCompile>
    <ClCompile Include="..\UniqueLibs\commandMgr.cpp">
      <Filter>라이브러리\고유 라이브러리</Filter>
    </ClCompile>
    <ClCompile Include="..\commonLibs\Qt\cmnQtUtils.cpp">
      <Filter>라이브러리\공통 라이브러리\Qt</Filter>
    </ClCompile>
    <ClCompile Include="..\UniqueLibs\cmnHCUtils.cpp">
      <Filter>라이브러리\고유 라이브러리</Filter>
    </ClCompile>
    <ClCompile Include="..\UniqueLibs\pixmapCacheEx.cpp">
      <Filter>라이브러리\고유 라이브러리</Filter>
    </ClCompile>
    <ClCompile Include="..\UniqueLibs\backgroundJobMgr.cpp">
      <Filter>라이브러리\고유 라이브러리</Filter>
    </ClCompile>
    <ClCompile Include="..\commonLibs\cmnTextUtils.cpp">
      <Filter>라이브러리\공통 라이브러리</Filter>
    </ClCompile>
    <ClCompile Include="..\externalLibs\QtitanDataGrid\src\src\base\QtnAbstractScrollArea.cpp">
      <Filter>라이브러리\외부 라이브러리\QtitanDataGrid\Base</Filter>
    </ClCompile>
    <ClCompile Include="..\externalLibs\QtitanDataGrid\src\src\base\QtnAbstractTabBar.cpp">
      <Filter>라이브러리\외부 라이브러리\QtitanDataGrid\Base</Filter>
    </ClCompile>
    <ClCompile Include="..\externalLibs\QtitanDataGrid\src\src\base\QtnBackstageWidget.cpp">
      <Filter>라이브러리\외부 라이브러리\QtitanDataGrid\Base</Filter>
    </ClCompile>
    <ClCompile Include="..\externalLibs\QtitanDataGrid\src\src\base\QtnColorButton.cpp">
      <Filter>라이브러리\외부 라이브러리\QtitanDataGrid\Base</Filter>
    </ClCompile>
    <ClCompile Include="..\externalLibs\QtitanDataGrid\src\src\base\QtnCommonStyle.cpp">
      <Filter>라이브러리\외부 라이브러리\QtitanDataGrid\Base</Filter>
    </ClCompile>
    <ClCompile Include="..\externalLibs\QtitanDataGrid\src\src\base\QtnCommonStyle_win.cpp">
      <Filter>라이브러리\외부 라이브러리\QtitanDataGrid\Base</Filter>
    </ClCompile>
    <ClCompile Include="..\externalLibs\QtitanDataGrid\src\src\base\QtnCustomLayout.cpp">
      <Filter>라이브러리\외부 라이브러리\QtitanDataGrid\Base</Filter>
    </ClCompile>
    <ClCompile Include="..\externalLibs\QtitanDataGrid\src\src\base\QtnMaterialWidget.cpp">
      <Filter>라이브러리\외부 라이브러리\QtitanDataGrid\Base</Filter>
    </ClCompile>
    <ClCompile Include="..\externalLibs\QtitanDataGrid\src\src\base\QtnPlatform.cpp">
      <Filter>라이브러리\외부 라이브러리\QtitanDataGrid\Base</Filter>
    </ClCompile>
    <ClCompile Include="..\externalLibs\QtitanDataGrid\src\src\base\QtnPlatform_win.cpp">
      <Filter>라이브러리\외부 라이브러리\QtitanDataGrid\Base</Filter>
    </ClCompile>
    <ClCompile Include="..\externalLibs\QtitanDataGrid\src\src\base\QtnPopupMenu.cpp">
      <Filter>라이브러리\외부 라이브러리\QtitanDataGrid\Base</Filter>
    </ClCompile>
    <ClCompile Include="..\externalLibs\QtitanDataGrid\src\src\base\QtnScrollWidgetBar.cpp">
      <Filter>라이브러리\외부 라이브러리\QtitanDataGrid\Base</Filter>
    </ClCompile>
    <ClCompile Include="..\externalLibs\QtitanDataGrid\src\src\base\QtnSegoeMDL2Assets.cpp">
      <Filter>라이브러리\외부 라이브러리\QtitanDataGrid\Base</Filter>
    </ClCompile>
    <ClCompile Include="..\externalLibs\QtitanDataGrid\src\src\base\QtnStyleHelper.cpp">
      <Filter>라이브러리\외부 라이브러리\QtitanDataGrid\Base</Filter>
    </ClCompile>
    <ClCompile Include="..\externalLibs\QtitanDataGrid\src\src\base\QtnStyleOption.cpp">
      <Filter>라이브러리\외부 라이브러리\QtitanDataGrid\Base</Filter>
    </ClCompile>
    <ClCompile Include="..\externalLibs\QtitanDataGrid\src\src\base\QtnToggleSwitch.cpp">
      <Filter>라이브러리\외부 라이브러리\QtitanDataGrid\Base</Filter>
    </ClCompile>
    <ClCompile Include="..\externalLibs\QtitanDataGrid\src\src\base\QtnToolTip.cpp">
      <Filter>라이브러리\외부 라이브러리\QtitanDataGrid\Base</Filter>
    </ClCompile>
    <ClCompile Include="..\externalLibs\QtitanDataGrid\src\src\base\QtnWindowsColor.cpp">
      <Filter>라이브러리\외부 라이브러리\QtitanDataGrid\Base</Filter>
    </ClCompile>
    <ClCompile Include="..\externalLibs\QtitanDataGrid\src\src\base\QtnWindowTitleBar.cpp">
      <Filter>라이브러리\외부 라이브러리\QtitanDataGrid\Base</Filter>
    </ClCompile>
    <ClCompile Include="..\externalLibs\QtitanDataGrid\src\src\base\QtnWindowTitleBar_win.cpp">
      <Filter>라이브러리\외부 라이브러리\QtitanDataGrid\Base</Filter>
    </ClCompile>
    <ClCompile Include="..\externalLibs\QtitanDataGrid\src\src\base\QtnWindowTitleBarGlow_win.cpp">
      <Filter>라이브러리\외부 라이브러리\QtitanDataGrid\Base</Filter>
    </ClCompile>
    <ClCompile Include="..\externalLibs\QtitanDataGrid\src\src\grid\QtnCardGrid.cpp">
      <Filter>라이브러리\외부 라이브러리\QtitanDataGrid\Grid</Filter>
    </ClCompile>
    <ClCompile Include="..\externalLibs\QtitanDataGrid\src\src\grid\QtnGrid.cpp">
      <Filter>라이브러리\외부 라이브러리\QtitanDataGrid\Grid</Filter>
    </ClCompile>
    <ClCompile Include="..\externalLibs\QtitanDataGrid\src\src\grid\QtnGridBandedTableView.cpp">
      <Filter>라이브러리\외부 라이브러리\QtitanDataGrid\Grid</Filter>
    </ClCompile>
    <ClCompile Include="..\externalLibs\QtitanDataGrid\src\src\grid\QtnGridBase.cpp">
      <Filter>라이브러리\외부 라이브러리\QtitanDataGrid\Grid</Filter>
    </ClCompile>
    <ClCompile Include="..\externalLibs\QtitanDataGrid\src\src\grid\QtnGridCardView.cpp">
      <Filter>라이브러리\외부 라이브러리\QtitanDataGrid\Grid</Filter>
    </ClCompile>
    <ClCompile Include="..\externalLibs\QtitanDataGrid\src\src\grid\QtnGridCardViewPrivate.cpp">
      <Filter>라이브러리\외부 라이브러리\QtitanDataGrid\Grid</Filter>
    </ClCompile>
    <ClCompile Include="..\externalLibs\QtitanDataGrid\src\src\grid\QtnGridColumnHeaderLayout.cpp">
      <Filter>라이브러리\외부 라이브러리\QtitanDataGrid\Grid</Filter>
    </ClCompile>
    <ClCompile Include="..\externalLibs\QtitanDataGrid\src\src\grid\QtnGridControls.cpp">
      <Filter>라이브러리\외부 라이브러리\QtitanDataGrid\Grid</Filter>
    </ClCompile>
    <ClCompile Include="..\externalLibs\QtitanDataGrid\src\src\grid\QtnGridDef.cpp">
      <Filter>라이브러리\외부 라이브러리\QtitanDataGrid\Grid</Filter>
    </ClCompile>
    <ClCompile Include="..\externalLibs\QtitanDataGrid\src\src\grid\QtnGridDragObjects.cpp">
      <Filter>라이브러리\외부 라이브러리\QtitanDataGrid\Grid</Filter>
    </ClCompile>
    <ClCompile Include="..\externalLibs\QtitanDataGrid\src\src\grid\QtnGridEditors.cpp">
      <Filter>라이브러리\외부 라이브러리\QtitanDataGrid\Grid</Filter>
    </ClCompile>
    <ClCompile Include="..\externalLibs\QtitanDataGrid\src\src\grid\QtnGridFilter.cpp">
      <Filter>라이브러리\외부 라이브러리\QtitanDataGrid\Grid</Filter>
    </ClCompile>
    <ClCompile Include="..\externalLibs\QtitanDataGrid\src\src\grid\QtnGridFilterWindow.cpp">
      <Filter>라이브러리\외부 라이브러리\QtitanDataGrid\Grid</Filter>
    </ClCompile>
    <ClCompile Include="..\externalLibs\QtitanDataGrid\src\src\grid\QtnGridGraphics.cpp">
      <Filter>라이브러리\외부 라이브러리\QtitanDataGrid\Grid</Filter>
    </ClCompile>
    <ClCompile Include="..\externalLibs\QtitanDataGrid\src\src\grid\QtnGridModelController.cpp">
      <Filter>라이브러리\외부 라이브러리\QtitanDataGrid\Grid</Filter>
    </ClCompile>
    <ClCompile Include="..\externalLibs\QtitanDataGrid\src\src\grid\QtnGridRowsLayout.cpp">
      <Filter>라이브러리\외부 라이브러리\QtitanDataGrid\Grid</Filter>
    </ClCompile>
    <ClCompile Include="..\externalLibs\QtitanDataGrid\src\src\grid\QtnGridSQL.cpp">
      <Filter>라이브러리\외부 라이브러리\QtitanDataGrid\Grid</Filter>
    </ClCompile>
    <ClCompile Include="..\externalLibs\QtitanDataGrid\src\src\grid\QtnGridStyleSheet.cpp">
      <Filter>라이브러리\외부 라이브러리\QtitanDataGrid\Grid</Filter>
    </ClCompile>
    <ClCompile Include="..\externalLibs\QtitanDataGrid\src\src\grid\QtnGridTableView.cpp">
      <Filter>라이브러리\외부 라이브러리\QtitanDataGrid\Grid</Filter>
    </ClCompile>
    <ClCompile Include="..\externalLibs\QtitanDataGrid\src\src\grid\QtnGridTableViewPrivate.cpp">
      <Filter>라이브러리\외부 라이브러리\QtitanDataGrid\Grid</Filter>
    </ClCompile>
    <ClCompile Include="..\externalLibs\QtitanDataGrid\src\src\grid\QtnGridTreeView.cpp">
      <Filter>라이브러리\외부 라이브러리\QtitanDataGrid\Grid</Filter>
    </ClCompile>
    <ClCompile Include="..\externalLibs\QtitanDataGrid\src\src\grid\QtnGridViewGraphics.cpp">
      <Filter>라이브러리\외부 라이브러리\QtitanDataGrid\Grid</Filter>
    </ClCompile>
    <ClCompile Include="..\externalLibs\QtitanDataGrid\src\src\grid\QtnTreeGrid.cpp">
      <Filter>라이브러리\외부 라이브러리\QtitanDataGrid\Grid</Filter>
    </ClCompile>
    <ClCompile Include="UIs\dlgGridStyle.cpp">
      <Filter>UI Files</Filter>
    </ClCompile>
    <ClCompile Include="..\UniqueLibs\externalEditorMgr.cpp">
      <Filter>라이브러리\고유 라이브러리</Filter>
    </ClCompile>
    <ClCompile Include="..\commonLibs\cmnProcess.cpp">
      <Filter>라이브러리\공통 라이브러리</Filter>
    </ClCompile>
    <ClCompile Include="UIs\dlgExternalConfigure.cpp">
      <Filter>UI Files\Cate - 외부 편집기</Filter>
    </ClCompile>
    <ClCompile Include="UIs\dlgExternalConfigure_Item.cpp">
      <Filter>UI Files\Cate - 외부 편집기</Filter>
    </ClCompile>
    <ClCompile Include="UIs\dlgMultiRename.cpp">
      <Filter>UI Files\Cate - 이름 일괄변경</Filter>
    </ClCompile>
    <ClCompile Include="UIs\dlgMultiRename_Model.cpp">
      <Filter>UI Files\Cate - 이름 일괄변경</Filter>
    </ClCompile>
    <ClCompile Include="..\UniqueLibs\cmnTypeDefs_Opts.cpp">
      <Filter>라이브러리\고유 라이브러리</Filter>
    </ClCompile>
    <ClCompile Include="..\uniqueLibs\model_defs.cpp">
      <Filter>라이브러리\고유 라이브러리</Filter>
    </ClCompile>
    <ClCompile Include="UIs\cmpViewer.cpp">
      <Filter>UI Files\Cate - 내장 뷰어</Filter>
    </ClCompile>
    <ClCompile Include="UIs\dlgViewer.cpp">
      <Filter>UI Files\Cate - 내장 뷰어</Filter>
    </ClCompile>
    <ClCompile Include="..\UniqueLibs\solTCPluginMgr.cpp">
      <Filter>라이브러리\고유 라이브러리</Filter>
    </ClCompile>
    <ClCompile Include="..\UniqueLibs\colorSchemeMgr.cpp">
      <Filter>라이브러리\고유 라이브러리</Filter>
    </ClCompile>
    <ClCompile Include="UIs\dlgOpts.cpp">
      <Filter>UI Files\Cate - 환경설정</Filter>
    </ClCompile>
    <ClCompile Include="UIs\Cate - FileOperation\dlgFileCopy.cpp">
      <Filter>UI Files\Cate - 파일 동작</Filter>
    </ClCompile>
    <ClCompile Include="UIs\Cate - FileOperation\dlgCreateDirectory.cpp">
      <Filter>UI Files\Cate - 파일 동작</Filter>
    </ClCompile>
    <ClCompile Include="..\externalLibs\QDirectoryEdit\QDirectoryEdit.cpp">
      <Filter>라이브러리\외부 라이브러리\QDirectoryEdit</Filter>
    </ClCompile>
    <ClCompile Include="UIs\Cate - FileOperation\dlgFileProgress.cpp">
      <Filter>UI Files\Cate - 파일 동작</Filter>
    </ClCompile>
    <ClCompile Include="Modules\mdlFileOperation.cpp">
      <Filter>모듈</Filter>
    </ClCompile>
    <ClCompile Include="..\commonLibs\cmnSecurity.cpp">
      <Filter>라이브러리\공통 라이브러리</Filter>
    </ClCompile>
    <ClCompile Include="..\UniqueLibs\fileSetMgr.cpp">
      <Filter>라이브러리\고유 라이브러리</Filter>
    </ClCompile>
    <ClCompile Include="UIs\Cate - FileOperation\dlgFileDelete.cpp">
      <Filter>UI Files\Cate - 파일 동작</Filter>
    </ClCompile>
    <ClCompile Include="..\UniqueLibs\cmnHCModelUtils.cpp">
      <Filter>라이브러리\고유 라이브러리</Filter>
    </ClCompile>
    <ClCompile Include="UIs\cmnUiUtils.cpp">
      <Filter>UI Files</Filter>
    </ClCompile>
    <ClCompile Include="UIs\Cate - FileOperation\dlgFileAttrib.cpp">
      <Filter>UI Files\Cate - 파일 동작</Filter>
    </ClCompile>
    <ClCompile Include="..\commonLibs\concurrent\cmnConditionVariable.cpp">
      <Filter>라이브러리\공통 라이브러리\Concurrent</Filter>
    </ClCompile>
    <ClCompile Include="..\commonLibs\concurrent\cmnMutex.cpp">
      <Filter>라이브러리\공통 라이브러리\Concurrent</Filter>
    </ClCompile>
    <ClCompile Include="..\commonLibs\cmnUtils.cpp">
      <Filter>라이브러리\공통 라이브러리</Filter>
    </ClCompile>
    <ClCompile Include="UIs\Cate - FileOperation\dlgFileMove.cpp">
      <Filter>UI Files\Cate - 파일 동작</Filter>
    </ClCompile>
    <ClCompile Include="UIs\dlgDefaultCMD.cpp">
      <Filter>UI Files\Cate - 환경설정</Filter>
    </ClCompile>
    <ClCompile Include="Modules\mdlFileEngine.cpp">
      <Filter>모듈</Filter>
    </ClCompile>
    <ClCompile Include="Modules\mdlFileSystem.cpp">
      <Filter>모듈</Filter>
    </ClCompile>
    <ClCompile Include="UniqueLibs\uiComboBoxWidget.cpp">
      <Filter>라이브러리\고유 라이브러리%28UI%29</Filter>
    </ClCompile>
    <ClCompile Include="Modules\mdlFileModel.cpp">
      <Filter>모듈</Filter>
    </ClCompile>
    <ClCompile Include="UIs\Components\cmpView.cpp">
      <Filter>UI Files\Components</Filter>
    </ClCompile>
    <ClCompile Include="..\UniqueLibs\builtInVolumeModel.cpp">
      <Filter>라이브러리\고유 라이브러리</Filter>
    </ClCompile>
    <ClCompile Include="..\UniqueLibs\solFavoriteDirMgr.cpp">
      <Filter>라이브러리\고유 라이브러리</Filter>
    </ClCompile>
    <ClCompile Include="UIs\dlgFavoriteDir.cpp">
      <Filter>UI Files\Cate - 환경설정</Filter>
    </ClCompile>
  </ItemGroup>
  <ItemGroup>
    <QtUic Include="UIs\dlgMain.ui">
      <Filter>UI Files</Filter>
    </QtUic>
    <QtUic Include="UIs\cmpPanel.ui">
      <Filter>UI Files</Filter>
    </QtUic>
    <QtUic Include="UIs\dlgGridStyle.ui">
      <Filter>UI Files</Filter>
    </QtUic>
    <QtUic Include="UIs\dlgExternalConfigure.ui">
      <Filter>UI Files\Cate - 외부 편집기</Filter>
    </QtUic>
    <QtUic Include="UIs\dlgExternalConfigure_Item.ui">
      <Filter>UI Files\Cate - 외부 편집기</Filter>
    </QtUic>
    <QtUic Include="UIs\dlgMultiRename.ui">
      <Filter>UI Files\Cate - 이름 일괄변경</Filter>
    </QtUic>
    <QtUic Include="UIs\cmpViewer.ui">
      <Filter>UI Files\Cate - 내장 뷰어</Filter>
    </QtUic>
    <QtUic Include="UIs\dlgViewer.ui">
      <Filter>UI Files\Cate - 내장 뷰어</Filter>
    </QtUic>
    <QtUic Include="UIs\dlgOpts.ui">
      <Filter>UI Files\Cate - 환경설정</Filter>
    </QtUic>
    <QtUic Include="UIs\Cate - FileOperation\dlgFileCopy.ui">
      <Filter>UI Files\Cate - 파일 동작</Filter>
    </QtUic>
    <QtUic Include="UIs\Cate - FileOperation\dlgFileDelete.ui">
      <Filter>UI Files\Cate - 파일 동작</Filter>
    </QtUic>
    <QtUic Include="UIs\Cate - FileOperation\dlgCreateDirectory.ui">
      <Filter>UI Files\Cate - 파일 동작</Filter>
    </QtUic>
    <QtUic Include="UIs\Cate - FileOperation\dlgFileProgress.ui">
      <Filter>UI Files\Cate - 파일 동작</Filter>
    </QtUic>
    <QtUic Include="UIs\Cate - FileOperation\dlgFileAttrib.ui">
      <Filter>UI Files\Cate - 파일 동작</Filter>
    </QtUic>
    <QtUic Include="UIs\Cate - FileOperation\dlgFileMove.ui">
      <Filter>UI Files\Cate - 파일 동작</Filter>
    </QtUic>
    <QtUic Include="UIs\dlgDefaultCMD.ui">
      <Filter>UI Files\Cate - 환경설정</Filter>
    </QtUic>
    <QtUic Include="UIs\dlgFavoriteDir.ui">
      <Filter>UI Files\Cate - 환경설정</Filter>
    </QtUic>
  </ItemGroup>
  <ItemGroup>
    <QtMoc Include="..\uniqueLibs\SHChangeNotify.hpp">
      <Filter>라이브러리\고유 라이브러리</Filter>
    </QtMoc>
    <QtMoc Include="UIs\dlgMain.hpp">
      <Filter>UI Files</Filter>
    </QtMoc>
    <QtMoc Include="..\UniqueLibs\builtInFsModel.hpp">
      <Filter>라이브러리\고유 라이브러리</Filter>
    </QtMoc>
    <QtMoc Include="..\UniqueLibs\commandMgr.hpp">
      <Filter>라이브러리\고유 라이브러리</Filter>
    </QtMoc>
    <QtMoc Include="..\commonLibs\Qt\cmnQtDelegator.hpp">
      <Filter>라이브러리\공통 라이브러리\Qt</Filter>
    </QtMoc>
    <QtMoc Include="HyperCommander.hpp">
      <Filter>헤더 파일</Filter>
    </QtMoc>
    <QtMoc Include="..\externalLibs\QtitanDataGrid\src\src\base\QtnAbstractScrollArea.h">
      <Filter>라이브러리\외부 라이브러리\QtitanDataGrid\Base</Filter>
    </QtMoc>
    <QtMoc Include="..\externalLibs\QtitanDataGrid\src\src\base\QtnAbstractTabBar.h">
      <Filter>라이브러리\외부 라이브러리\QtitanDataGrid\Base</Filter>
    </QtMoc>
    <QtMoc Include="..\externalLibs\QtitanDataGrid\src\src\base\QtnBackstageWidget.h">
      <Filter>라이브러리\외부 라이브러리\QtitanDataGrid\Base</Filter>
    </QtMoc>
    <QtMoc Include="..\externalLibs\QtitanDataGrid\src\src\base\QtnColorButton.h">
      <Filter>라이브러리\외부 라이브러리\QtitanDataGrid\Base</Filter>
    </QtMoc>
    <QtMoc Include="..\externalLibs\QtitanDataGrid\src\src\base\QtnCommonStyle.h">
      <Filter>라이브러리\외부 라이브러리\QtitanDataGrid\Base</Filter>
    </QtMoc>
    <QtMoc Include="..\externalLibs\QtitanDataGrid\src\src\base\QtnCommonStylePrivate.h">
      <Filter>라이브러리\외부 라이브러리\QtitanDataGrid\Base</Filter>
    </QtMoc>
    <QtMoc Include="..\externalLibs\QtitanDataGrid\src\src\base\QtnCustomLayout.h">
      <Filter>라이브러리\외부 라이브러리\QtitanDataGrid\Base</Filter>
    </QtMoc>
    <QtMoc Include="..\externalLibs\QtitanDataGrid\src\src\base\QtnMaterialWidget.h">
      <Filter>라이브러리\외부 라이브러리\QtitanDataGrid\Base</Filter>
    </QtMoc>
    <QtMoc Include="..\externalLibs\QtitanDataGrid\src\src\base\QtnPopupMenu.h">
      <Filter>라이브러리\외부 라이브러리\QtitanDataGrid\Base</Filter>
    </QtMoc>
    <QtMoc Include="..\externalLibs\QtitanDataGrid\src\src\base\QtnPopupMenuPrivate.h">
      <Filter>라이브러리\외부 라이브러리\QtitanDataGrid\Base</Filter>
    </QtMoc>
    <QtMoc Include="..\externalLibs\QtitanDataGrid\src\src\base\QtnScrollWidgetBar.h">
      <Filter>라이브러리\외부 라이브러리\QtitanDataGrid\Base</Filter>
    </QtMoc>
    <QtMoc Include="..\externalLibs\QtitanDataGrid\src\src\base\QtnToggleSwitch.h">
      <Filter>라이브러리\외부 라이브러리\QtitanDataGrid\Base</Filter>
    </QtMoc>
    <QtMoc Include="..\externalLibs\QtitanDataGrid\src\src\base\QtnToolTip.h">
      <Filter>라이브러리\외부 라이브러리\QtitanDataGrid\Base</Filter>
    </QtMoc>
    <QtMoc Include="..\externalLibs\QtitanDataGrid\src\src\base\QtnWindowTitleBar.h">
      <Filter>라이브러리\외부 라이브러리\QtitanDataGrid\Base</Filter>
    </QtMoc>
    <QtMoc Include="..\externalLibs\QtitanDataGrid\src\src\base\QtnWindowTitleBarPrivate.h">
      <Filter>라이브러리\외부 라이브러리\QtitanDataGrid\Base</Filter>
    </QtMoc>
    <QtMoc Include="..\externalLibs\QtitanDataGrid\src\src\grid\QtnCardGrid.h">
      <Filter>라이브러리\외부 라이브러리\QtitanDataGrid\Grid</Filter>
    </QtMoc>
    <QtMoc Include="..\externalLibs\QtitanDataGrid\src\src\grid\QtnGrid.h">
      <Filter>라이브러리\외부 라이브러리\QtitanDataGrid\Grid</Filter>
    </QtMoc>
    <QtMoc Include="..\externalLibs\QtitanDataGrid\src\src\grid\QtnGridBandedTableView.h">
      <Filter>라이브러리\외부 라이브러리\QtitanDataGrid\Grid</Filter>
    </QtMoc>
    <QtMoc Include="..\externalLibs\QtitanDataGrid\src\src\grid\QtnGridBase.h">
      <Filter>라이브러리\외부 라이브러리\QtitanDataGrid\Grid</Filter>
    </QtMoc>
    <QtMoc Include="..\externalLibs\QtitanDataGrid\src\src\grid\QtnGridCardView.h">
      <Filter>라이브러리\외부 라이브러리\QtitanDataGrid\Grid</Filter>
    </QtMoc>
    <QtMoc Include="..\externalLibs\QtitanDataGrid\src\src\grid\QtnGridCardViewPrivate.h">
      <Filter>라이브러리\외부 라이브러리\QtitanDataGrid\Grid</Filter>
    </QtMoc>
    <QtMoc Include="..\externalLibs\QtitanDataGrid\src\src\grid\QtnGridControls.h">
      <Filter>라이브러리\외부 라이브러리\QtitanDataGrid\Grid</Filter>
    </QtMoc>
    <QtMoc Include="..\externalLibs\QtitanDataGrid\src\src\grid\QtnGridDragObjects.h">
      <Filter>라이브러리\외부 라이브러리\QtitanDataGrid\Grid</Filter>
    </QtMoc>
    <QtMoc Include="..\externalLibs\QtitanDataGrid\src\src\grid\QtnGridEditors.h">
      <Filter>라이브러리\외부 라이브러리\QtitanDataGrid\Grid</Filter>
    </QtMoc>
    <QtMoc Include="..\externalLibs\QtitanDataGrid\src\src\grid\QtnGridFilter.h">
      <Filter>라이브러리\외부 라이브러리\QtitanDataGrid\Grid</Filter>
    </QtMoc>
    <QtMoc Include="..\externalLibs\QtitanDataGrid\src\src\grid\QtnGridFilterWindow.h">
      <Filter>라이브러리\외부 라이브러리\QtitanDataGrid\Grid</Filter>
    </QtMoc>
    <QtMoc Include="..\externalLibs\QtitanDataGrid\src\src\grid\QtnGridGraphics.h">
      <Filter>라이브러리\외부 라이브러리\QtitanDataGrid\Grid</Filter>
    </QtMoc>
    <QtMoc Include="..\externalLibs\QtitanDataGrid\src\src\grid\QtnGridModelController.h">
      <Filter>라이브러리\외부 라이브러리\QtitanDataGrid\Grid</Filter>
    </QtMoc>
    <QtMoc Include="..\externalLibs\QtitanDataGrid\src\src\grid\QtnGridRowsLayout.h">
      <Filter>라이브러리\외부 라이브러리\QtitanDataGrid\Grid</Filter>
    </QtMoc>
    <QtMoc Include="..\externalLibs\QtitanDataGrid\src\src\grid\QtnGridTableView.h">
      <Filter>라이브러리\외부 라이브러리\QtitanDataGrid\Grid</Filter>
    </QtMoc>
    <QtMoc Include="..\externalLibs\QtitanDataGrid\src\src\grid\QtnGridTableViewPrivate.h">
      <Filter>라이브러리\외부 라이브러리\QtitanDataGrid\Grid</Filter>
    </QtMoc>
    <QtMoc Include="..\externalLibs\QtitanDataGrid\src\src\grid\QtnGridTreeView.h">
      <Filter>라이브러리\외부 라이브러리\QtitanDataGrid\Grid</Filter>
    </QtMoc>
    <QtMoc Include="..\externalLibs\QtitanDataGrid\src\src\grid\QtnGridViewGraphics.h">
      <Filter>라이브러리\외부 라이브러리\QtitanDataGrid\Grid</Filter>
    </QtMoc>
    <QtMoc Include="..\externalLibs\QtitanDataGrid\src\src\grid\QtnTreeGrid.h">
      <Filter>라이브러리\외부 라이브러리\QtitanDataGrid\Grid</Filter>
    </QtMoc>
    <QtMoc Include="UIs\dlgGridStyle.hpp">
      <Filter>UI Files</Filter>
    </QtMoc>
    <QtMoc Include="UIs\dlgExternalConfigure.hpp">
      <Filter>UI Files\Cate - 외부 편집기</Filter>
    </QtMoc>
    <QtMoc Include="UIs\dlgExternalConfigure_Item.hpp">
      <Filter>UI Files\Cate - 외부 편집기</Filter>
    </QtMoc>
    <QtMoc Include="UIs\dlgMultiRename.hpp">
      <Filter>UI Files\Cate - 이름 일괄변경</Filter>
    </QtMoc>
    <QtMoc Include="UIs\dlgMultiRename_Model.hpp">
      <Filter>UI Files\Cate - 이름 일괄변경</Filter>
    </QtMoc>
    <QtMoc Include="UIs\cmpViewer.hpp">
      <Filter>UI Files\Cate - 내장 뷰어</Filter>
    </QtMoc>
    <QtMoc Include="UIs\dlgViewer.hpp">
      <Filter>UI Files\Cate - 내장 뷰어</Filter>
    </QtMoc>
    <QtMoc Include="..\UniqueLibs\externalEditorMgr.hpp">
      <Filter>라이브러리\고유 라이브러리</Filter>
    </QtMoc>
    <QtMoc Include="UIs\dlgOpts.hpp">
      <Filter>UI Files\Cate - 환경설정</Filter>
    </QtMoc>
    <QtMoc Include="UIs\Cate - FileOperation\dlgFileCopy.hpp">
      <Filter>UI Files\Cate - 파일 동작</Filter>
    </QtMoc>
    <QtMoc Include="UIs\Cate - FileOperation\dlgCreateDirectory.hpp">
      <Filter>UI Files\Cate - 파일 동작</Filter>
    </QtMoc>
    <QtMoc Include="..\externalLibs\QDirectoryEdit\QDirectoryEdit.hpp">
      <Filter>라이브러리\외부 라이브러리\QDirectoryEdit</Filter>
    </QtMoc>
    <QtMoc Include="UIs\Cate - FileOperation\dlgFileProgress.hpp">
      <Filter>UI Files\Cate - 파일 동작</Filter>
    </QtMoc>
    <QtMoc Include="Modules\mdlFileOperation.hpp">
      <Filter>모듈</Filter>
    </QtMoc>
    <QtMoc Include="UIs\Cate - FileOperation\dlgFileDelete.hpp">
      <Filter>UI Files\Cate - 파일 동작</Filter>
    </QtMoc>
    <QtMoc Include="..\UniqueLibs\cmnHCModelUtils.hpp">
      <Filter>라이브러리\고유 라이브러리</Filter>
    </QtMoc>
    <QtMoc Include="UIs\cmnUiUtils.hpp">
      <Filter>UI Files</Filter>
    </QtMoc>
    <QtMoc Include="UIs\Cate - FileOperation\dlgFileAttrib.hpp">
      <Filter>UI Files\Cate - 파일 동작</Filter>
    </QtMoc>
    <QtMoc Include="..\UniqueLibs\solTCPluginMgr.hpp">
      <Filter>라이브러리\고유 라이브러리</Filter>
    </QtMoc>
    <QtMoc Include="UIs\Cate - FileOperation\dlgFileMove.hpp">
      <Filter>UI Files\Cate - 파일 동작</Filter>
    </QtMoc>
    <QtMoc Include="UIs\dlgDefaultCMD.hpp">
      <Filter>UI Files\Cate - 환경설정</Filter>
    </QtMoc>
    <QtMoc Include="Modules\mdlFileEngine.hpp">
      <Filter>모듈</Filter>
    </QtMoc>
    <QtMoc Include="Modules\mdlFileSystem.hpp">
      <Filter>모듈</Filter>
    </QtMoc>
    <QtMoc Include="UniqueLibs\uiComboBoxWidget.hpp">
      <Filter>라이브러리\고유 라이브러리%28UI%29</Filter>
    </QtMoc>
    <QtMoc Include="..\UniqueLibs\colorSchemeMgr.hpp">
      <Filter>라이브러리\고유 라이브러리</Filter>
    </QtMoc>
    <QtMoc Include="Modules\mdlFileModel.hpp">
      <Filter>모듈</Filter>
    </QtMoc>
    <QtMoc Include="UIs\Components\cmpView.hpp">
      <Filter>UI Files\Components</Filter>
    </QtMoc>
    <QtMoc Include="UIs\cmpPanel.hpp">
      <Filter>UI Files</Filter>
    </QtMoc>
    <QtMoc Include="..\UniqueLibs\builtInVolumeModel.hpp">
      <Filter>라이브러리\고유 라이브러리</Filter>
    </QtMoc>
    <QtMoc Include="..\UniqueLibs\cmnTypeDefs.hpp">
      <Filter>라이브러리\고유 라이브러리</Filter>
    </QtMoc>
    <QtMoc Include="..\UniqueLibs\solFavoriteDirMgr.hpp">
      <Filter>라이브러리\고유 라이브러리</Filter>
    </QtMoc>
    <QtMoc Include="UIs\dlgFavoriteDir.hpp">
      <Filter>UI Files\Cate - 환경설정</Filter>
    </QtMoc>
  </ItemGroup>
  <ItemGroup>
    <ClInclude Include="..\uniqueLibs\globalCtx.hpp">
      <Filter>라이브러리\고유 라이브러리</Filter>
    </ClInclude>
    <ClInclude Include="..\uniqueLibs\columnMgr.hpp">
      <Filter>라이브러리\고유 라이브러리</Filter>
    </ClInclude>
    <ClInclude Include="..\commonLibs\cmnDateTime.hpp">
      <Filter>라이브러리\공통 라이브러리</Filter>
    </ClInclude>
    <ClInclude Include="..\commonLibs\cmnConcurrent.hpp">
      <Filter>라이브러리\공통 라이브러리</Filter>
    </ClInclude>
    <ClInclude Include="..\commonLibs\cmnPath.hpp">
      <Filter>라이브러리\공통 라이브러리</Filter>
    </ClInclude>
    <ClInclude Include="..\uniqueLibs\model_defs.hpp">
      <Filter>라이브러리\고유 라이브러리</Filter>
    </ClInclude>
    <ClInclude Include="..\commonLibs\cmnCompilerDetection.hpp">
      <Filter>라이브러리\공통 라이브러리</Filter>
    </ClInclude>
    <ClInclude Include="..\commonLibs\cmnSystemDetection.hpp">
      <Filter>라이브러리\공통 라이브러리</Filter>
    </ClInclude>
    <ClInclude Include="..\UniqueLibs\commandMgr_Defs.hpp">
      <Filter>라이브러리\고유 라이브러리</Filter>
    </ClInclude>
    <ClInclude Include="..\commonLibs\Qt\cmnQtUtils.hpp">
      <Filter>라이브러리\공통 라이브러리\Qt</Filter>
    </ClInclude>
    <ClInclude Include="..\UniqueLibs\cmnHCUtils.hpp">
      <Filter>라이브러리\고유 라이브러리</Filter>
    </ClInclude>
    <ClInclude Include="..\UniqueLibs\pixmapCacheEx.hpp">
      <Filter>라이브러리\고유 라이브러리</Filter>
    </ClInclude>
    <ClInclude Include="..\commonLibs\cmnBase.hpp">
      <Filter>라이브러리\공통 라이브러리</Filter>
    </ClInclude>
    <ClInclude Include="..\commonLibs\cmnIncludeLibrary.hpp">
      <Filter>라이브러리\공통 라이브러리</Filter>
    </ClInclude>
    <ClInclude Include="..\UniqueLibs\cmnTypeDefs_Name.hpp">
      <Filter>라이브러리\고유 라이브러리</Filter>
    </ClInclude>
    <ClInclude Include="..\UniqueLibs\cmnTypeDefs_Opts.hpp">
      <Filter>라이브러리\고유 라이브러리</Filter>
    </ClInclude>
    <ClInclude Include="..\UniqueLibs\backgroundJobMgr.hpp">
      <Filter>라이브러리\고유 라이브러리</Filter>
    </ClInclude>
    <ClInclude Include="..\commonLibs\cmnTextUtils.hpp">
      <Filter>라이브러리\공통 라이브러리</Filter>
    </ClInclude>
    <ClInclude Include="..\externalLibs\QtitanDataGrid\src\src\base\QtitanDef.h">
      <Filter>라이브러리\외부 라이브러리\QtitanDataGrid\Base</Filter>
    </ClInclude>
    <ClInclude Include="..\externalLibs\QtitanDataGrid\src\src\base\QtitanMSVSDebug.h">
      <Filter>라이브러리\외부 라이브러리\QtitanDataGrid\Base</Filter>
    </ClInclude>
    <ClInclude Include="..\externalLibs\QtitanDataGrid\src\src\base\QtnPlatform.h">
      <Filter>라이브러리\외부 라이브러리\QtitanDataGrid\Base</Filter>
    </ClInclude>
    <ClInclude Include="..\externalLibs\QtitanDataGrid\src\src\base\QtnPlatform_win.h">
      <Filter>라이브러리\외부 라이브러리\QtitanDataGrid\Base</Filter>
    </ClInclude>
    <ClInclude Include="..\externalLibs\QtitanDataGrid\src\src\base\QtnSegoeMDL2Assets.h">
      <Filter>라이브러리\외부 라이브러리\QtitanDataGrid\Base</Filter>
    </ClInclude>
    <ClInclude Include="..\externalLibs\QtitanDataGrid\src\src\base\QtnStyleHelperPrivate.h">
      <Filter>라이브러리\외부 라이브러리\QtitanDataGrid\Base</Filter>
    </ClInclude>
    <ClInclude Include="..\externalLibs\QtitanDataGrid\src\src\base\QtnStyleOption.h">
      <Filter>라이브러리\외부 라이브러리\QtitanDataGrid\Base</Filter>
    </ClInclude>
    <ClInclude Include="..\externalLibs\QtitanDataGrid\src\src\base\QtnWindowsColor.h">
      <Filter>라이브러리\외부 라이브러리\QtitanDataGrid\Base</Filter>
    </ClInclude>
    <ClInclude Include="..\externalLibs\QtitanDataGrid\src\src\base\QtnWindowTitleBar_win.h">
      <Filter>라이브러리\외부 라이브러리\QtitanDataGrid\Base</Filter>
    </ClInclude>
    <ClInclude Include="..\externalLibs\QtitanDataGrid\src\src\base\QtnWindowTitleBarGlow_win.h">
      <Filter>라이브러리\외부 라이브러리\QtitanDataGrid\Base</Filter>
    </ClInclude>
    <ClInclude Include="..\externalLibs\QtitanDataGrid\src\src\base\QtnXML.h">
      <Filter>라이브러리\외부 라이브러리\QtitanDataGrid\Base</Filter>
    </ClInclude>
    <ClInclude Include="..\externalLibs\QtitanDataGrid\src\src\grid\QtnGridColumnHeaderLayout.h">
      <Filter>라이브러리\외부 라이브러리\QtitanDataGrid\Grid</Filter>
    </ClInclude>
    <ClInclude Include="..\externalLibs\QtitanDataGrid\src\src\grid\QtnGridDef.h">
      <Filter>라이브러리\외부 라이브러리\QtitanDataGrid\Grid</Filter>
    </ClInclude>
    <ClInclude Include="..\externalLibs\QtitanDataGrid\src\src\grid\QtnGridModelControllerPrivate.h">
      <Filter>라이브러리\외부 라이브러리\QtitanDataGrid\Grid</Filter>
    </ClInclude>
    <ClInclude Include="..\externalLibs\QtitanDataGrid\src\src\grid\QtnGridSQL.h">
      <Filter>라이브러리\외부 라이브러리\QtitanDataGrid\Grid</Filter>
    </ClInclude>
    <ClInclude Include="..\externalLibs\QtitanDataGrid\src\src\grid\QtnGridStyleSheet.h">
      <Filter>라이브러리\외부 라이브러리\QtitanDataGrid\Grid</Filter>
    </ClInclude>
    <ClInclude Include="..\externalLibs\QtitanDataGrid\src\src\grid\QtnGridTreeViewPrivate.h">
      <Filter>라이브러리\외부 라이브러리\QtitanDataGrid\Grid</Filter>
    </ClInclude>
    <ClInclude Include="..\commonLibs\cmnProcess.hpp">
      <Filter>라이브러리\공통 라이브러리</Filter>
    </ClInclude>
    <ClInclude Include="..\UniqueLibs\column_Defs.hpp">
      <Filter>라이브러리\고유 라이브러리</Filter>
    </ClInclude>
    <ClInclude Include="..\externalLibs\TotalCommander\tc_listplug.h">
      <Filter>라이브러리\외부 라이브러리\TotalCommander</Filter>
    </ClInclude>
    <ClInclude Include="..\UniqueLibs\solMultiLang_Defs.hpp">
      <Filter>라이브러리\고유 라이브러리</Filter>
    </ClInclude>
    <ClInclude Include="..\commonLibs\cmnSecurity.hpp">
      <Filter>라이브러리\공통 라이브러리</Filter>
    </ClInclude>
    <ClInclude Include="..\UniqueLibs\fileSetMgr.hpp">
      <Filter>라이브러리\고유 라이브러리</Filter>
    </ClInclude>
    <ClInclude Include="..\commonLibs\win\winLIBMgr.hpp">
      <Filter>라이브러리\공통 라이브러리\Win</Filter>
    </ClInclude>
    <ClInclude Include="..\commonLibs\concurrent\cmnConditionVariable.hpp">
      <Filter>라이브러리\공통 라이브러리\Concurrent</Filter>
    </ClInclude>
    <ClInclude Include="..\commonLibs\concurrent\cmnMutex.hpp">
      <Filter>라이브러리\공통 라이브러리\Concurrent</Filter>
    </ClInclude>
    <ClInclude Include="..\commonLibs\concurrent\cmnSingleton.hpp">
      <Filter>라이브러리\공통 라이브러리\Concurrent</Filter>
    </ClInclude>
    <ClInclude Include="..\commonLibs\cmnTypes.hpp">
      <Filter>라이브러리\공통 라이브러리</Filter>
    </ClInclude>
    <ClInclude Include="..\commonLibs\cmnUtils.hpp">
      <Filter>라이브러리\공통 라이브러리</Filter>
    </ClInclude>
    <ClInclude Include="..\commonLibs\logging\cmnLogger_Defs.hpp">
      <Filter>라이브러리\공통 라이브러리\Logging</Filter>
    </ClInclude>
  </ItemGroup>
  <ItemGroup>
    <None Include="cpp.hint" />
  </ItemGroup>
  <ItemGroup>
    <Natvis Include="$(MsbuildThisFileDirectory)\CustomQt.natvis" />
  </ItemGroup>
</Project>