<?xml version="1.0" encoding="utf-8"?>
<Project ToolsVersion="4.0" xmlns="http://schemas.microsoft.com/developer/msbuild/2003">
  <ItemGroup>
    <Filter Include="Source Files">
      <UniqueIdentifier>{4FC737F1-C7A5-4376-A066-2A32D752A2FF}</UniqueIdentifier>
      <Extensions>qml;cpp;c;cc;cxx;def;odl;idl;hpj;bat;asm;asmx</Extensions>
    </Filter>
    <Filter Include="Header Files">
      <UniqueIdentifier>{93995380-89BD-4b04-88EB-625FBE52EBFB}</UniqueIdentifier>
      <Extensions>h;hh;hpp;hxx;hm;inl;inc;xsd</Extensions>
    </Filter>
    <Filter Include="Resource Files">
      <UniqueIdentifier>{67DA6AB6-F800-4c08-8B7A-83BB121AAD01}</UniqueIdentifier>
      <Extensions>qrc;rc;ico;cur;bmp;dlg;rc2;rct;bin;rgs;gif;jpg;jpeg;jpe;resx;tiff;tif;png;wav;mfcribbon-ms</Extensions>
    </Filter>
    <Filter Include="Translation Files">
      <UniqueIdentifier>{639EADAA-A684-42e4-A9AD-28FC9BCB8F7C}</UniqueIdentifier>
      <Extensions>ts</Extensions>
    </Filter>
    <Filter Include="CommonLibs">
      <UniqueIdentifier>{d7f90754-16e1-4da4-8f30-aefca6811e25}</UniqueIdentifier>
    </Filter>
    <Filter Include="ExternalLibs">
      <UniqueIdentifier>{b8dca86f-ebea-4ab5-9ff4-de3d7065bbe5}</UniqueIdentifier>
    </Filter>
    <Filter Include="UniqueLibs">
      <UniqueIdentifier>{e786301a-c1c7-4dac-aeed-d77fa9b79e2b}</UniqueIdentifier>
    </Filter>
    <Filter Include="Modules">
      <UniqueIdentifier>{94ff0aa3-3dc6-4d68-b73c-77ab567f8217}</UniqueIdentifier>
    </Filter>
    <Filter Include="CommonLibs\Qt">
      <UniqueIdentifier>{445bd6a7-41d0-4242-a165-528a7005d442}</UniqueIdentifier>
    </Filter>
    <Filter Include="ExternalLibs\QtitanDataGrid">
      <UniqueIdentifier>{e6ebd350-1783-4d78-9685-db89d6aa1774}</UniqueIdentifier>
    </Filter>
    <Filter Include="ExternalLibs\QtitanDataGrid\Base">
      <UniqueIdentifier>{8c0a5b37-370d-4be8-92d9-40bacc9353bb}</UniqueIdentifier>
    </Filter>
    <Filter Include="ExternalLibs\QtitanDataGrid\Grid">
      <UniqueIdentifier>{614ea088-60c2-4d21-bfa9-324b18fc3d27}</UniqueIdentifier>
    </Filter>
    <Filter Include="UI Files">
      <UniqueIdentifier>{99349809-55BA-4b9d-BF79-8FDBB0286EB3}</UniqueIdentifier>
      <Extensions>ui</Extensions>
    </Filter>
    <Filter Include="UI Files\Cate - 외부 편집기">
      <UniqueIdentifier>{d606bd91-5d1a-458f-821f-094d8f9dd131}</UniqueIdentifier>
    </Filter>
    <Filter Include="UI Files\Cate - 이름 일괄변경">
      <UniqueIdentifier>{8f37a3dd-0575-406c-95a0-aac260b696ef}</UniqueIdentifier>
    </Filter>
    <Filter Include="UI Files\Cate - 내장 뷰어">
      <UniqueIdentifier>{129b7a7c-82e0-43af-bb39-9b725a4b85f7}</UniqueIdentifier>
    </Filter>
    <Filter Include="ExternalLibs\TotalCommander">
      <UniqueIdentifier>{54ad314e-592e-4119-aef1-afcab5afc6b0}</UniqueIdentifier>
    </Filter>
    <Filter Include="UI Files\Cate - 환경설정">
      <UniqueIdentifier>{37718303-1293-458d-9f6d-107ecf5dd1a5}</UniqueIdentifier>
    </Filter>
    <Filter Include="UI Files\Cate - 파일 동작">
      <UniqueIdentifier>{adace7ac-8027-4d2d-b276-75482af8f0f5}</UniqueIdentifier>
    </Filter>
  </ItemGroup>
  <ItemGroup>
    <QtRcc Include="HyperCommander.qrc">
      <Filter>Resource Files</Filter>
    </QtRcc>
    <ClCompile Include="HyperCommander.cpp">
      <Filter>Source Files</Filter>
    </ClCompile>
    <None Include="HyperCommander.ico">
      <Filter>Resource Files</Filter>
    </None>
    <ResourceCompile Include="HyperCommander.rc">
      <Filter>Resource Files</Filter>
    </ResourceCompile>
    <ClInclude Include="stdafx.h">
      <Filter>Header Files</Filter>
    </ClInclude>
    <ClCompile Include="stdafx.cpp">
      <Filter>Source Files</Filter>
    </ClCompile>
    <QtRcc Include="..\externalLibs\QtitanDataGrid\src\src\base\QtnBaseResources.qrc">
      <Filter>ExternalLibs\QtitanDataGrid\Base</Filter>
    </QtRcc>
    <QtRcc Include="..\externalLibs\QtitanDataGrid\src\src\grid\QtnGridResources.qrc">
      <Filter>ExternalLibs\QtitanDataGrid\Grid</Filter>
    </QtRcc>
    <QtRcc Include="..\externalLibs\QtitanDataGrid\src\src\grid\QtnGridTranslations.qrc">
      <Filter>ExternalLibs\QtitanDataGrid\Grid</Filter>
    </QtRcc>
  </ItemGroup>
  <ItemGroup>
    <ClCompile Include="main.cpp">
      <Filter>Source Files</Filter>
    </ClCompile>
    <ClCompile Include="UIs\cmpPanel.cpp">
      <Filter>UI Files</Filter>
    </ClCompile>
    <ClCompile Include="..\uniqueLibs\SHChangeNotify.cpp">
      <Filter>UniqueLibs</Filter>
    </ClCompile>
    <ClCompile Include="UIs\dlgMain.cpp">
      <Filter>UI Files</Filter>
    </ClCompile>
    <ClCompile Include="..\uniqueLibs\columnMgr.cpp">
      <Filter>UniqueLibs</Filter>
    </ClCompile>
    <ClCompile Include="..\UniqueLibs\builtInFsModel.cpp">
      <Filter>UniqueLibs</Filter>
    </ClCompile>
    <ClCompile Include="..\commonLibs\cmnDateTime.cpp">
      <Filter>CommonLibs</Filter>
    </ClCompile>
    <ClCompile Include="..\commonLibs\cmnConcurrent.cpp">
      <Filter>CommonLibs</Filter>
    </ClCompile>
    <ClCompile Include="..\commonLibs\cmnPath.cpp">
      <Filter>CommonLibs</Filter>
    </ClCompile>
    <ClCompile Include="..\UniqueLibs\commandMgr.cpp">
      <Filter>UniqueLibs</Filter>
    </ClCompile>
    <ClCompile Include="..\commonLibs\Qt\cmnQtUtils.cpp">
      <Filter>CommonLibs\Qt</Filter>
    </ClCompile>
    <ClCompile Include="..\UniqueLibs\cmnHCUtils.cpp">
      <Filter>UniqueLibs</Filter>
    </ClCompile>
    <ClCompile Include="..\UniqueLibs\pixmapCacheEx.cpp">
      <Filter>UniqueLibs</Filter>
    </ClCompile>
    <ClCompile Include="UIs\dlgCopyToAnother.cpp">
      <Filter>UI Files</Filter>
    </ClCompile>
    <ClCompile Include="..\UniqueLibs\backgroundJobMgr.cpp">
      <Filter>UniqueLibs</Filter>
    </ClCompile>
    <ClCompile Include="..\commonLibs\cmnTextUtils.cpp">
      <Filter>CommonLibs</Filter>
    </ClCompile>
    <ClCompile Include="..\externalLibs\QtitanDataGrid\src\src\base\QtnAbstractScrollArea.cpp">
      <Filter>ExternalLibs\QtitanDataGrid\Base</Filter>
    </ClCompile>
    <ClCompile Include="..\externalLibs\QtitanDataGrid\src\src\base\QtnAbstractTabBar.cpp">
      <Filter>ExternalLibs\QtitanDataGrid\Base</Filter>
    </ClCompile>
    <ClCompile Include="..\externalLibs\QtitanDataGrid\src\src\base\QtnBackstageWidget.cpp">
      <Filter>ExternalLibs\QtitanDataGrid\Base</Filter>
    </ClCompile>
    <ClCompile Include="..\externalLibs\QtitanDataGrid\src\src\base\QtnColorButton.cpp">
      <Filter>ExternalLibs\QtitanDataGrid\Base</Filter>
    </ClCompile>
    <ClCompile Include="..\externalLibs\QtitanDataGrid\src\src\base\QtnCommonStyle.cpp">
      <Filter>ExternalLibs\QtitanDataGrid\Base</Filter>
    </ClCompile>
    <ClCompile Include="..\externalLibs\QtitanDataGrid\src\src\base\QtnCommonStyle_win.cpp">
      <Filter>ExternalLibs\QtitanDataGrid\Base</Filter>
    </ClCompile>
    <ClCompile Include="..\externalLibs\QtitanDataGrid\src\src\base\QtnCustomLayout.cpp">
      <Filter>ExternalLibs\QtitanDataGrid\Base</Filter>
    </ClCompile>
    <ClCompile Include="..\externalLibs\QtitanDataGrid\src\src\base\QtnMaterialWidget.cpp">
      <Filter>ExternalLibs\QtitanDataGrid\Base</Filter>
    </ClCompile>
    <ClCompile Include="..\externalLibs\QtitanDataGrid\src\src\base\QtnPlatform.cpp">
      <Filter>ExternalLibs\QtitanDataGrid\Base</Filter>
    </ClCompile>
    <ClCompile Include="..\externalLibs\QtitanDataGrid\src\src\base\QtnPlatform_win.cpp">
      <Filter>ExternalLibs\QtitanDataGrid\Base</Filter>
    </ClCompile>
    <ClCompile Include="..\externalLibs\QtitanDataGrid\src\src\base\QtnPopupMenu.cpp">
      <Filter>ExternalLibs\QtitanDataGrid\Base</Filter>
    </ClCompile>
    <ClCompile Include="..\externalLibs\QtitanDataGrid\src\src\base\QtnScrollWidgetBar.cpp">
      <Filter>ExternalLibs\QtitanDataGrid\Base</Filter>
    </ClCompile>
    <ClCompile Include="..\externalLibs\QtitanDataGrid\src\src\base\QtnSegoeMDL2Assets.cpp">
      <Filter>ExternalLibs\QtitanDataGrid\Base</Filter>
    </ClCompile>
    <ClCompile Include="..\externalLibs\QtitanDataGrid\src\src\base\QtnStyleHelper.cpp">
      <Filter>ExternalLibs\QtitanDataGrid\Base</Filter>
    </ClCompile>
    <ClCompile Include="..\externalLibs\QtitanDataGrid\src\src\base\QtnStyleOption.cpp">
      <Filter>ExternalLibs\QtitanDataGrid\Base</Filter>
    </ClCompile>
    <ClCompile Include="..\externalLibs\QtitanDataGrid\src\src\base\QtnToggleSwitch.cpp">
      <Filter>ExternalLibs\QtitanDataGrid\Base</Filter>
    </ClCompile>
    <ClCompile Include="..\externalLibs\QtitanDataGrid\src\src\base\QtnToolTip.cpp">
      <Filter>ExternalLibs\QtitanDataGrid\Base</Filter>
    </ClCompile>
    <ClCompile Include="..\externalLibs\QtitanDataGrid\src\src\base\QtnWindowsColor.cpp">
      <Filter>ExternalLibs\QtitanDataGrid\Base</Filter>
    </ClCompile>
    <ClCompile Include="..\externalLibs\QtitanDataGrid\src\src\base\QtnWindowTitleBar.cpp">
      <Filter>ExternalLibs\QtitanDataGrid\Base</Filter>
    </ClCompile>
    <ClCompile Include="..\externalLibs\QtitanDataGrid\src\src\base\QtnWindowTitleBar_win.cpp">
      <Filter>ExternalLibs\QtitanDataGrid\Base</Filter>
    </ClCompile>
    <ClCompile Include="..\externalLibs\QtitanDataGrid\src\src\base\QtnWindowTitleBarGlow_win.cpp">
      <Filter>ExternalLibs\QtitanDataGrid\Base</Filter>
    </ClCompile>
    <ClCompile Include="..\externalLibs\QtitanDataGrid\src\src\grid\QtnCardGrid.cpp">
      <Filter>ExternalLibs\QtitanDataGrid\Grid</Filter>
    </ClCompile>
    <ClCompile Include="..\externalLibs\QtitanDataGrid\src\src\grid\QtnGrid.cpp">
      <Filter>ExternalLibs\QtitanDataGrid\Grid</Filter>
    </ClCompile>
    <ClCompile Include="..\externalLibs\QtitanDataGrid\src\src\grid\QtnGridBandedTableView.cpp">
      <Filter>ExternalLibs\QtitanDataGrid\Grid</Filter>
    </ClCompile>
    <ClCompile Include="..\externalLibs\QtitanDataGrid\src\src\grid\QtnGridBase.cpp">
      <Filter>ExternalLibs\QtitanDataGrid\Grid</Filter>
    </ClCompile>
    <ClCompile Include="..\externalLibs\QtitanDataGrid\src\src\grid\QtnGridCardView.cpp">
      <Filter>ExternalLibs\QtitanDataGrid\Grid</Filter>
    </ClCompile>
    <ClCompile Include="..\externalLibs\QtitanDataGrid\src\src\grid\QtnGridCardViewPrivate.cpp">
      <Filter>ExternalLibs\QtitanDataGrid\Grid</Filter>
    </ClCompile>
    <ClCompile Include="..\externalLibs\QtitanDataGrid\src\src\grid\QtnGridColumnHeaderLayout.cpp">
      <Filter>ExternalLibs\QtitanDataGrid\Grid</Filter>
    </ClCompile>
    <ClCompile Include="..\externalLibs\QtitanDataGrid\src\src\grid\QtnGridControls.cpp">
      <Filter>ExternalLibs\QtitanDataGrid\Grid</Filter>
    </ClCompile>
    <ClCompile Include="..\externalLibs\QtitanDataGrid\src\src\grid\QtnGridDef.cpp">
      <Filter>ExternalLibs\QtitanDataGrid\Grid</Filter>
    </ClCompile>
    <ClCompile Include="..\externalLibs\QtitanDataGrid\src\src\grid\QtnGridDragObjects.cpp">
      <Filter>ExternalLibs\QtitanDataGrid\Grid</Filter>
    </ClCompile>
    <ClCompile Include="..\externalLibs\QtitanDataGrid\src\src\grid\QtnGridEditors.cpp">
      <Filter>ExternalLibs\QtitanDataGrid\Grid</Filter>
    </ClCompile>
    <ClCompile Include="..\externalLibs\QtitanDataGrid\src\src\grid\QtnGridFilter.cpp">
      <Filter>ExternalLibs\QtitanDataGrid\Grid</Filter>
    </ClCompile>
    <ClCompile Include="..\externalLibs\QtitanDataGrid\src\src\grid\QtnGridFilterWindow.cpp">
      <Filter>ExternalLibs\QtitanDataGrid\Grid</Filter>
    </ClCompile>
    <ClCompile Include="..\externalLibs\QtitanDataGrid\src\src\grid\QtnGridGraphics.cpp">
      <Filter>ExternalLibs\QtitanDataGrid\Grid</Filter>
    </ClCompile>
    <ClCompile Include="..\externalLibs\QtitanDataGrid\src\src\grid\QtnGridModelController.cpp">
      <Filter>ExternalLibs\QtitanDataGrid\Grid</Filter>
    </ClCompile>
    <ClCompile Include="..\externalLibs\QtitanDataGrid\src\src\grid\QtnGridRowsLayout.cpp">
      <Filter>ExternalLibs\QtitanDataGrid\Grid</Filter>
    </ClCompile>
    <ClCompile Include="..\externalLibs\QtitanDataGrid\src\src\grid\QtnGridSQL.cpp">
      <Filter>ExternalLibs\QtitanDataGrid\Grid</Filter>
    </ClCompile>
    <ClCompile Include="..\externalLibs\QtitanDataGrid\src\src\grid\QtnGridStyleSheet.cpp">
      <Filter>ExternalLibs\QtitanDataGrid\Grid</Filter>
    </ClCompile>
    <ClCompile Include="..\externalLibs\QtitanDataGrid\src\src\grid\QtnGridTableView.cpp">
      <Filter>ExternalLibs\QtitanDataGrid\Grid</Filter>
    </ClCompile>
    <ClCompile Include="..\externalLibs\QtitanDataGrid\src\src\grid\QtnGridTableViewPrivate.cpp">
      <Filter>ExternalLibs\QtitanDataGrid\Grid</Filter>
    </ClCompile>
    <ClCompile Include="..\externalLibs\QtitanDataGrid\src\src\grid\QtnGridTreeView.cpp">
      <Filter>ExternalLibs\QtitanDataGrid\Grid</Filter>
    </ClCompile>
    <ClCompile Include="..\externalLibs\QtitanDataGrid\src\src\grid\QtnGridViewGraphics.cpp">
      <Filter>ExternalLibs\QtitanDataGrid\Grid</Filter>
    </ClCompile>
    <ClCompile Include="..\externalLibs\QtitanDataGrid\src\src\grid\QtnTreeGrid.cpp">
      <Filter>ExternalLibs\QtitanDataGrid\Grid</Filter>
    </ClCompile>
    <ClCompile Include="UIs\dlgGridStyle.cpp">
      <Filter>UI Files</Filter>
    </ClCompile>
    <ClCompile Include="..\UniqueLibs\externalEditorMgr.cpp">
      <Filter>UniqueLibs</Filter>
    </ClCompile>
    <ClCompile Include="..\commonLibs\cmnProcess.cpp">
      <Filter>CommonLibs</Filter>
    </ClCompile>
    <ClCompile Include="UIs\dlgExternalConfigure.cpp">
      <Filter>UI Files\Cate - 외부 편집기</Filter>
    </ClCompile>
    <ClCompile Include="UIs\dlgExternalConfigure_Item.cpp">
      <Filter>UI Files\Cate - 외부 편집기</Filter>
    </ClCompile>
    <ClCompile Include="UIs\dlgMultiRename.cpp">
      <Filter>UI Files\Cate - 이름 일괄변경</Filter>
    </ClCompile>
    <ClCompile Include="UIs\dlgMultiRename_Model.cpp">
      <Filter>UI Files\Cate - 이름 일괄변경</Filter>
    </ClCompile>
    <ClCompile Include="..\UniqueLibs\cmnTypeDefs_Opts.cpp">
      <Filter>UniqueLibs</Filter>
    </ClCompile>
    <ClCompile Include="..\uniqueLibs\model_defs.cpp">
      <Filter>UniqueLibs</Filter>
    </ClCompile>
    <ClCompile Include="UIs\cmpViewer.cpp">
      <Filter>UI Files\Cate - 내장 뷰어</Filter>
    </ClCompile>
    <ClCompile Include="UIs\dlgViewer.cpp">
      <Filter>UI Files\Cate - 내장 뷰어</Filter>
    </ClCompile>
    <ClCompile Include="..\UniqueLibs\internalViewerMgr.cpp">
      <Filter>UniqueLibs</Filter>
    </ClCompile>
    <ClCompile Include="..\UniqueLibs\colorSchemeMgr.cpp">
      <Filter>UniqueLibs</Filter>
    </ClCompile>
    <ClCompile Include="UIs\dlgOpts.cpp">
      <Filter>UI Files\Cate - 환경설정</Filter>
    </ClCompile>
    <ClCompile Include="UIs\Cate - FileOperation\dlgFileCopy.cpp">
      <Filter>UI Files\Cate - 파일 동작</Filter>
    </ClCompile>
    <ClCompile Include="UIs\Cate - FileOperation\dlgCreateDirectory.cpp">
      <Filter>UI Files\Cate - 파일 동작</Filter>
    </ClCompile>
  </ItemGroup>
  <ItemGroup>
    <QtUic Include="UIs\dlgMain.ui">
      <Filter>UI Files</Filter>
    </QtUic>
    <QtUic Include="UIs\cmpPanel.ui">
      <Filter>UI Files</Filter>
    </QtUic>
    <QtUic Include="UIs\dlgCopyToAnother.ui">
      <Filter>UI Files</Filter>
    </QtUic>
    <QtUic Include="UIs\dlgGridStyle.ui">
      <Filter>UI Files</Filter>
    </QtUic>
    <QtUic Include="UIs\dlgExternalConfigure.ui">
      <Filter>UI Files\Cate - 외부 편집기</Filter>
    </QtUic>
    <QtUic Include="UIs\dlgExternalConfigure_Item.ui">
      <Filter>UI Files\Cate - 외부 편집기</Filter>
    </QtUic>
    <QtUic Include="UIs\dlgMultiRename.ui">
      <Filter>UI Files\Cate - 이름 일괄변경</Filter>
    </QtUic>
    <QtUic Include="UIs\cmpViewer.ui">
      <Filter>UI Files\Cate - 내장 뷰어</Filter>
    </QtUic>
    <QtUic Include="UIs\dlgViewer.ui">
      <Filter>UI Files\Cate - 내장 뷰어</Filter>
    </QtUic>
    <QtUic Include="UIs\dlgOpts.ui">
      <Filter>UI Files\Cate - 환경설정</Filter>
    </QtUic>
    <QtUic Include="UIs\Cate - FileOperation\dlgFileCopy.ui">
      <Filter>UI Files\Cate - 파일 동작</Filter>
    </QtUic>
    <QtUic Include="UIs\Cate - FileOperation\dlgFileDelete.ui">
      <Filter>UI Files\Cate - 파일 동작</Filter>
    </QtUic>
    <QtUic Include="UIs\Cate - FileOperation\dlgCreateDirectory.ui">
      <Filter>UI Files\Cate - 파일 동작</Filter>
    </QtUic>
  </ItemGroup>
  <ItemGroup>
    <QtMoc Include="UIs\cmpPanel.hpp">
      <Filter>UI Files</Filter>
    </QtMoc>
    <QtMoc Include="..\uniqueLibs\SHChangeNotify.hpp">
      <Filter>UniqueLibs</Filter>
    </QtMoc>
    <QtMoc Include="UIs\dlgMain.hpp">
      <Filter>UI Files</Filter>
    </QtMoc>
    <QtMoc Include="..\UniqueLibs\builtInFsModel.hpp">
      <Filter>UniqueLibs</Filter>
    </QtMoc>
    <QtMoc Include="..\UniqueLibs\commandMgr.hpp">
      <Filter>UniqueLibs</Filter>
    </QtMoc>
    <QtMoc Include="..\commonLibs\Qt\cmnQtDelegator.hpp">
      <Filter>CommonLibs\Qt</Filter>
    </QtMoc>
    <QtMoc Include="HyperCommander.hpp">
      <Filter>Header Files</Filter>
    </QtMoc>
    <QtMoc Include="..\externalLibs\QtitanDataGrid\src\src\base\QtnAbstractScrollArea.h">
      <Filter>ExternalLibs\QtitanDataGrid\Base</Filter>
    </QtMoc>
    <QtMoc Include="..\externalLibs\QtitanDataGrid\src\src\base\QtnAbstractTabBar.h">
      <Filter>ExternalLibs\QtitanDataGrid\Base</Filter>
    </QtMoc>
    <QtMoc Include="..\externalLibs\QtitanDataGrid\src\src\base\QtnBackstageWidget.h">
      <Filter>ExternalLibs\QtitanDataGrid\Base</Filter>
    </QtMoc>
    <QtMoc Include="..\externalLibs\QtitanDataGrid\src\src\base\QtnColorButton.h">
      <Filter>ExternalLibs\QtitanDataGrid\Base</Filter>
    </QtMoc>
    <QtMoc Include="..\externalLibs\QtitanDataGrid\src\src\base\QtnCommonStyle.h">
      <Filter>ExternalLibs\QtitanDataGrid\Base</Filter>
    </QtMoc>
    <QtMoc Include="..\externalLibs\QtitanDataGrid\src\src\base\QtnCommonStylePrivate.h">
      <Filter>ExternalLibs\QtitanDataGrid\Base</Filter>
    </QtMoc>
    <QtMoc Include="..\externalLibs\QtitanDataGrid\src\src\base\QtnCustomLayout.h">
      <Filter>ExternalLibs\QtitanDataGrid\Base</Filter>
    </QtMoc>
    <QtMoc Include="..\externalLibs\QtitanDataGrid\src\src\base\QtnMaterialWidget.h">
      <Filter>ExternalLibs\QtitanDataGrid\Base</Filter>
    </QtMoc>
    <QtMoc Include="..\externalLibs\QtitanDataGrid\src\src\base\QtnPopupMenu.h">
      <Filter>ExternalLibs\QtitanDataGrid\Base</Filter>
    </QtMoc>
    <QtMoc Include="..\externalLibs\QtitanDataGrid\src\src\base\QtnPopupMenuPrivate.h">
      <Filter>ExternalLibs\QtitanDataGrid\Base</Filter>
    </QtMoc>
    <QtMoc Include="..\externalLibs\QtitanDataGrid\src\src\base\QtnScrollWidgetBar.h">
      <Filter>ExternalLibs\QtitanDataGrid\Base</Filter>
    </QtMoc>
    <QtMoc Include="..\externalLibs\QtitanDataGrid\src\src\base\QtnToggleSwitch.h">
      <Filter>ExternalLibs\QtitanDataGrid\Base</Filter>
    </QtMoc>
    <QtMoc Include="..\externalLibs\QtitanDataGrid\src\src\base\QtnToolTip.h">
      <Filter>ExternalLibs\QtitanDataGrid\Base</Filter>
    </QtMoc>
    <QtMoc Include="..\externalLibs\QtitanDataGrid\src\src\base\QtnWindowTitleBar.h">
      <Filter>ExternalLibs\QtitanDataGrid\Base</Filter>
    </QtMoc>
    <QtMoc Include="..\externalLibs\QtitanDataGrid\src\src\base\QtnWindowTitleBarPrivate.h">
      <Filter>ExternalLibs\QtitanDataGrid\Base</Filter>
    </QtMoc>
    <QtMoc Include="..\externalLibs\QtitanDataGrid\src\src\grid\QtnCardGrid.h">
      <Filter>ExternalLibs\QtitanDataGrid\Grid</Filter>
    </QtMoc>
    <QtMoc Include="..\externalLibs\QtitanDataGrid\src\src\grid\QtnGrid.h">
      <Filter>ExternalLibs\QtitanDataGrid\Grid</Filter>
    </QtMoc>
    <QtMoc Include="..\externalLibs\QtitanDataGrid\src\src\grid\QtnGridBandedTableView.h">
      <Filter>ExternalLibs\QtitanDataGrid\Grid</Filter>
    </QtMoc>
    <QtMoc Include="..\externalLibs\QtitanDataGrid\src\src\grid\QtnGridBase.h">
      <Filter>ExternalLibs\QtitanDataGrid\Grid</Filter>
    </QtMoc>
    <QtMoc Include="..\externalLibs\QtitanDataGrid\src\src\grid\QtnGridCardView.h">
      <Filter>ExternalLibs\QtitanDataGrid\Grid</Filter>
    </QtMoc>
    <QtMoc Include="..\externalLibs\QtitanDataGrid\src\src\grid\QtnGridCardViewPrivate.h">
      <Filter>ExternalLibs\QtitanDataGrid\Grid</Filter>
    </QtMoc>
    <QtMoc Include="..\externalLibs\QtitanDataGrid\src\src\grid\QtnGridControls.h">
      <Filter>ExternalLibs\QtitanDataGrid\Grid</Filter>
    </QtMoc>
    <QtMoc Include="..\externalLibs\QtitanDataGrid\src\src\grid\QtnGridDragObjects.h">
      <Filter>ExternalLibs\QtitanDataGrid\Grid</Filter>
    </QtMoc>
    <QtMoc Include="..\externalLibs\QtitanDataGrid\src\src\grid\QtnGridEditors.h">
      <Filter>ExternalLibs\QtitanDataGrid\Grid</Filter>
    </QtMoc>
    <QtMoc Include="..\externalLibs\QtitanDataGrid\src\src\grid\QtnGridFilter.h">
      <Filter>ExternalLibs\QtitanDataGrid\Grid</Filter>
    </QtMoc>
    <QtMoc Include="..\externalLibs\QtitanDataGrid\src\src\grid\QtnGridFilterWindow.h">
      <Filter>ExternalLibs\QtitanDataGrid\Grid</Filter>
    </QtMoc>
    <QtMoc Include="..\externalLibs\QtitanDataGrid\src\src\grid\QtnGridGraphics.h">
      <Filter>ExternalLibs\QtitanDataGrid\Grid</Filter>
    </QtMoc>
    <QtMoc Include="..\externalLibs\QtitanDataGrid\src\src\grid\QtnGridModelController.h">
      <Filter>ExternalLibs\QtitanDataGrid\Grid</Filter>
    </QtMoc>
    <QtMoc Include="..\externalLibs\QtitanDataGrid\src\src\grid\QtnGridRowsLayout.h">
      <Filter>ExternalLibs\QtitanDataGrid\Grid</Filter>
    </QtMoc>
    <QtMoc Include="..\externalLibs\QtitanDataGrid\src\src\grid\QtnGridTableView.h">
      <Filter>ExternalLibs\QtitanDataGrid\Grid</Filter>
    </QtMoc>
    <QtMoc Include="..\externalLibs\QtitanDataGrid\src\src\grid\QtnGridTableViewPrivate.h">
      <Filter>ExternalLibs\QtitanDataGrid\Grid</Filter>
    </QtMoc>
    <QtMoc Include="..\externalLibs\QtitanDataGrid\src\src\grid\QtnGridTreeView.h">
      <Filter>ExternalLibs\QtitanDataGrid\Grid</Filter>
    </QtMoc>
    <QtMoc Include="..\externalLibs\QtitanDataGrid\src\src\grid\QtnGridViewGraphics.h">
      <Filter>ExternalLibs\QtitanDataGrid\Grid</Filter>
    </QtMoc>
    <QtMoc Include="..\externalLibs\QtitanDataGrid\src\src\grid\QtnTreeGrid.h">
      <Filter>ExternalLibs\QtitanDataGrid\Grid</Filter>
    </QtMoc>
    <QtMoc Include="UIs\dlgGridStyle.hpp">
      <Filter>UI Files</Filter>
    </QtMoc>
    <QtMoc Include="UIs\dlgExternalConfigure.hpp">
      <Filter>UI Files\Cate - 외부 편집기</Filter>
    </QtMoc>
    <QtMoc Include="UIs\dlgExternalConfigure_Item.hpp">
      <Filter>UI Files\Cate - 외부 편집기</Filter>
    </QtMoc>
    <QtMoc Include="UIs\dlgMultiRename.hpp">
      <Filter>UI Files\Cate - 이름 일괄변경</Filter>
    </QtMoc>
    <QtMoc Include="UIs\dlgMultiRename_Model.hpp">
      <Filter>UI Files\Cate - 이름 일괄변경</Filter>
    </QtMoc>
    <QtMoc Include="UIs\cmpViewer.hpp">
      <Filter>UI Files\Cate - 내장 뷰어</Filter>
    </QtMoc>
    <QtMoc Include="UIs\dlgViewer.hpp">
      <Filter>UI Files\Cate - 내장 뷰어</Filter>
    </QtMoc>
    <QtMoc Include="..\UniqueLibs\externalEditorMgr.hpp">
      <Filter>UniqueLibs</Filter>
    </QtMoc>
    <QtMoc Include="..\UniqueLibs\internalViewerMgr.hpp">
      <Filter>UniqueLibs</Filter>
    </QtMoc>
    <QtMoc Include="UIs\dlgOpts.hpp">
      <Filter>UI Files\Cate - 환경설정</Filter>
    </QtMoc>
    <QtMoc Include="UIs\Cate - FileOperation\dlgFileCopy.hpp">
      <Filter>UI Files\Cate - 파일 동작</Filter>
    </QtMoc>
    <QtMoc Include="UIs\Cate - FileOperation\dlgCreateDirectory.hpp">
      <Filter>UI Files\Cate - 파일 동작</Filter>
    </QtMoc>
  </ItemGroup>
  <ItemGroup>
    <ClInclude Include="..\uniqueLibs\globalCtx.hpp">
      <Filter>UniqueLibs</Filter>
    </ClInclude>
    <ClInclude Include="..\uniqueLibs\columnMgr.hpp">
      <Filter>UniqueLibs</Filter>
    </ClInclude>
    <ClInclude Include="..\commonLibs\cmnDateTime.hpp">
      <Filter>CommonLibs</Filter>
    </ClInclude>
    <ClInclude Include="..\commonLibs\cmnConcurrent.hpp">
      <Filter>CommonLibs</Filter>
    </ClInclude>
    <ClInclude Include="..\commonLibs\cmnPath.hpp">
      <Filter>CommonLibs</Filter>
    </ClInclude>
    <ClInclude Include="..\uniqueLibs\model_defs.hpp">
      <Filter>UniqueLibs</Filter>
    </ClInclude>
    <ClInclude Include="..\commonLibs\cmnCompilerDetection.hpp">
      <Filter>CommonLibs</Filter>
    </ClInclude>
    <ClInclude Include="..\commonLibs\cmnSystemDetection.hpp">
      <Filter>CommonLibs</Filter>
    </ClInclude>
    <ClInclude Include="..\UniqueLibs\commandMgr_Defs.hpp">
      <Filter>UniqueLibs</Filter>
    </ClInclude>
    <ClInclude Include="..\commonLibs\Qt\cmnQtUtils.hpp">
      <Filter>CommonLibs\Qt</Filter>
    </ClInclude>
    <ClInclude Include="..\UniqueLibs\cmnTypeDefs.hpp">
      <Filter>UniqueLibs</Filter>
    </ClInclude>
    <ClInclude Include="..\UniqueLibs\cmnHCUtils.hpp">
      <Filter>UniqueLibs</Filter>
    </ClInclude>
    <ClInclude Include="..\UniqueLibs\pixmapCacheEx.hpp">
      <Filter>UniqueLibs</Filter>
    </ClInclude>
    <ClInclude Include="..\commonLibs\cmnBase.hpp">
      <Filter>CommonLibs</Filter>
    </ClInclude>
    <ClInclude Include="..\commonLibs\cmnIncludeLibrary.hpp">
      <Filter>CommonLibs</Filter>
    </ClInclude>
    <ClInclude Include="UIs\dlgCopyToAnother.hpp">
      <Filter>UI Files</Filter>
    </ClInclude>
    <ClInclude Include="..\UniqueLibs\cmnTypeDefs_Name.hpp">
      <Filter>UniqueLibs</Filter>
    </ClInclude>
    <ClInclude Include="..\UniqueLibs\cmnTypeDefs_Opts.hpp">
      <Filter>UniqueLibs</Filter>
    </ClInclude>
    <ClInclude Include="..\UniqueLibs\backgroundJobMgr.hpp">
      <Filter>UniqueLibs</Filter>
    </ClInclude>
    <ClInclude Include="..\commonLibs\cmnTextUtils.hpp">
      <Filter>CommonLibs</Filter>
    </ClInclude>
    <ClInclude Include="..\externalLibs\QtitanDataGrid\src\src\base\QtitanDef.h">
      <Filter>ExternalLibs\QtitanDataGrid\Base</Filter>
    </ClInclude>
    <ClInclude Include="..\externalLibs\QtitanDataGrid\src\src\base\QtitanMSVSDebug.h">
      <Filter>ExternalLibs\QtitanDataGrid\Base</Filter>
    </ClInclude>
    <ClInclude Include="..\externalLibs\QtitanDataGrid\src\src\base\QtnPlatform.h">
      <Filter>ExternalLibs\QtitanDataGrid\Base</Filter>
    </ClInclude>
    <ClInclude Include="..\externalLibs\QtitanDataGrid\src\src\base\QtnPlatform_win.h">
      <Filter>ExternalLibs\QtitanDataGrid\Base</Filter>
    </ClInclude>
    <ClInclude Include="..\externalLibs\QtitanDataGrid\src\src\base\QtnSegoeMDL2Assets.h">
      <Filter>ExternalLibs\QtitanDataGrid\Base</Filter>
    </ClInclude>
    <ClInclude Include="..\externalLibs\QtitanDataGrid\src\src\base\QtnStyleHelperPrivate.h">
      <Filter>ExternalLibs\QtitanDataGrid\Base</Filter>
    </ClInclude>
    <ClInclude Include="..\externalLibs\QtitanDataGrid\src\src\base\QtnStyleOption.h">
      <Filter>ExternalLibs\QtitanDataGrid\Base</Filter>
    </ClInclude>
    <ClInclude Include="..\externalLibs\QtitanDataGrid\src\src\base\QtnWindowsColor.h">
      <Filter>ExternalLibs\QtitanDataGrid\Base</Filter>
    </ClInclude>
    <ClInclude Include="..\externalLibs\QtitanDataGrid\src\src\base\QtnWindowTitleBar_win.h">
      <Filter>ExternalLibs\QtitanDataGrid\Base</Filter>
    </ClInclude>
    <ClInclude Include="..\externalLibs\QtitanDataGrid\src\src\base\QtnWindowTitleBarGlow_win.h">
      <Filter>ExternalLibs\QtitanDataGrid\Base</Filter>
    </ClInclude>
    <ClInclude Include="..\externalLibs\QtitanDataGrid\src\src\base\QtnXML.h">
      <Filter>ExternalLibs\QtitanDataGrid\Base</Filter>
    </ClInclude>
    <ClInclude Include="..\externalLibs\QtitanDataGrid\src\src\grid\QtnGridColumnHeaderLayout.h">
      <Filter>ExternalLibs\QtitanDataGrid\Grid</Filter>
    </ClInclude>
    <ClInclude Include="..\externalLibs\QtitanDataGrid\src\src\grid\QtnGridDef.h">
      <Filter>ExternalLibs\QtitanDataGrid\Grid</Filter>
    </ClInclude>
    <ClInclude Include="..\externalLibs\QtitanDataGrid\src\src\grid\QtnGridModelControllerPrivate.h">
      <Filter>ExternalLibs\QtitanDataGrid\Grid</Filter>
    </ClInclude>
    <ClInclude Include="..\externalLibs\QtitanDataGrid\src\src\grid\QtnGridSQL.h">
      <Filter>ExternalLibs\QtitanDataGrid\Grid</Filter>
    </ClInclude>
    <ClInclude Include="..\externalLibs\QtitanDataGrid\src\src\grid\QtnGridStyleSheet.h">
      <Filter>ExternalLibs\QtitanDataGrid\Grid</Filter>
    </ClInclude>
    <ClInclude Include="..\externalLibs\QtitanDataGrid\src\src\grid\QtnGridTreeViewPrivate.h">
      <Filter>ExternalLibs\QtitanDataGrid\Grid</Filter>
    </ClInclude>
    <ClInclude Include="..\commonLibs\cmnProcess.hpp">
      <Filter>CommonLibs</Filter>
    </ClInclude>
    <ClInclude Include="..\UniqueLibs\column_Defs.hpp">
      <Filter>UniqueLibs</Filter>
    </ClInclude>
    <ClInclude Include="..\externalLibs\TotalCommander\tc_listplug.h">
      <Filter>ExternalLibs\TotalCommander</Filter>
    </ClInclude>
    <ClInclude Include="..\UniqueLibs\colorSchemeMgr.hpp">
      <Filter>UniqueLibs</Filter>
    </ClInclude>
    <ClInclude Include="..\UniqueLibs\solMultiLang_Defs.hpp">
      <Filter>UniqueLibs</Filter>
    </ClInclude>
  </ItemGroup>
  <ItemGroup>
    <None Include="cpp.hint" />
  </ItemGroup>
  <ItemGroup>
    <Natvis Include="$(MsbuildThisFileDirectory)\CustomQt.natvis" />
  </ItemGroup>
</Project>